// !$*UTF8*$!
{
	archiveVersion = 1;
	classes = {
	};
	objectVersion = 46;
	objects = {

/* Begin PBXBuildFile section */
		18202B9416E6300A0042F0C1 /* UIKit.framework in Frameworks */ = {isa = PBXBuildFile; fileRef = 18202B9316E6300A0042F0C1 /* UIKit.framework */; };
		18202B9616E6300A0042F0C1 /* Foundation.framework in Frameworks */ = {isa = PBXBuildFile; fileRef = 18202B9516E6300A0042F0C1 /* Foundation.framework */; };
		18202B9816E6300A0042F0C1 /* CoreGraphics.framework in Frameworks */ = {isa = PBXBuildFile; fileRef = 18202B9716E6300A0042F0C1 /* CoreGraphics.framework */; };
		18202B9E16E6300A0042F0C1 /* InfoPlist.strings in Resources */ = {isa = PBXBuildFile; fileRef = 18202B9C16E6300A0042F0C1 /* InfoPlist.strings */; };
		18202BA016E6300A0042F0C1 /* main.m in Sources */ = {isa = PBXBuildFile; fileRef = 18202B9F16E6300A0042F0C1 /* main.m */; };
		18202BAD16E6300A0042F0C1 /* MainStoryboard.storyboard in Resources */ = {isa = PBXBuildFile; fileRef = 18202BAB16E6300A0042F0C1 /* MainStoryboard.storyboard */; };
		18202BBE16E632710042F0C1 /* MapKit.framework in Frameworks */ = {isa = PBXBuildFile; fileRef = 18202BBD16E632710042F0C1 /* MapKit.framework */; };
		18202BC016E6329B0042F0C1 /* CoreLocation.framework in Frameworks */ = {isa = PBXBuildFile; fileRef = 18202BBF16E6329B0042F0C1 /* CoreLocation.framework */; };
		18202BC216E632A20042F0C1 /* QuartzCore.framework in Frameworks */ = {isa = PBXBuildFile; fileRef = 18202BC116E632A20042F0C1 /* QuartzCore.framework */; };
		1859A0F716E63E22001EB8CF /* ASIAuthenticationDialog.m in Sources */ = {isa = PBXBuildFile; fileRef = 1859A00916E63E22001EB8CF /* ASIAuthenticationDialog.m */; settings = {COMPILER_FLAGS = "-fno-objc-arc"; }; };
		1859A0F816E63E22001EB8CF /* ASIDataCompressor.m in Sources */ = {isa = PBXBuildFile; fileRef = 1859A00C16E63E22001EB8CF /* ASIDataCompressor.m */; settings = {COMPILER_FLAGS = "-fno-objc-arc"; }; };
		1859A0F916E63E22001EB8CF /* ASIDataDecompressor.m in Sources */ = {isa = PBXBuildFile; fileRef = 1859A00E16E63E22001EB8CF /* ASIDataDecompressor.m */; settings = {COMPILER_FLAGS = "-fno-objc-arc"; }; };
		1859A0FA16E63E22001EB8CF /* ASIDownloadCache.m in Sources */ = {isa = PBXBuildFile; fileRef = 1859A01016E63E22001EB8CF /* ASIDownloadCache.m */; settings = {COMPILER_FLAGS = "-fno-objc-arc"; }; };
		1859A0FB16E63E22001EB8CF /* ASIFormDataRequest.m in Sources */ = {isa = PBXBuildFile; fileRef = 1859A01216E63E22001EB8CF /* ASIFormDataRequest.m */; settings = {COMPILER_FLAGS = "-fno-objc-arc"; }; };
		1859A0FC16E63E22001EB8CF /* ASIHTTPRequest.m in Sources */ = {isa = PBXBuildFile; fileRef = 1859A01416E63E22001EB8CF /* ASIHTTPRequest.m */; settings = {COMPILER_FLAGS = "-fno-objc-arc"; }; };
		1859A0FD16E63E22001EB8CF /* ASIInputStream.m in Sources */ = {isa = PBXBuildFile; fileRef = 1859A01816E63E22001EB8CF /* ASIInputStream.m */; settings = {COMPILER_FLAGS = "-fno-objc-arc"; }; };
		1859A0FE16E63E22001EB8CF /* ASINetworkQueue.m in Sources */ = {isa = PBXBuildFile; fileRef = 1859A01A16E63E22001EB8CF /* ASINetworkQueue.m */; settings = {COMPILER_FLAGS = "-fno-objc-arc"; }; };
		1859A0FF16E63E22001EB8CF /* Reachability.m in Sources */ = {isa = PBXBuildFile; fileRef = 1859A01D16E63E22001EB8CF /* Reachability.m */; settings = {COMPILER_FLAGS = "-fno-objc-arc"; }; };
		1859A10016E63E22001EB8CF /* FBFunLoginDialog.m in Sources */ = {isa = PBXBuildFile; fileRef = 1859A02016E63E22001EB8CF /* FBFunLoginDialog.m */; settings = {COMPILER_FLAGS = "-fno-objc-arc"; }; };
		1859A10116E63E22001EB8CF /* FBFunLoginDialog.xib in Resources */ = {isa = PBXBuildFile; fileRef = 1859A02116E63E22001EB8CF /* FBFunLoginDialog.xib */; };
		1859A10216E63E22001EB8CF /* FBFunLoginManager.m in Sources */ = {isa = PBXBuildFile; fileRef = 1859A02316E63E22001EB8CF /* FBFunLoginManager.m */; settings = {COMPILER_FLAGS = "-fno-objc-arc"; }; };
		1859A10316E63E22001EB8CF /* FBFunLoginManager.xib in Resources */ = {isa = PBXBuildFile; fileRef = 1859A02416E63E22001EB8CF /* FBFunLoginManager.xib */; };
		1859A10416E63E22001EB8CF /* Facebook.m in Sources */ = {isa = PBXBuildFile; fileRef = 1859A02716E63E22001EB8CF /* Facebook.m */; settings = {COMPILER_FLAGS = "-fno-objc-arc"; }; };
		1859A10516E63E22001EB8CF /* FBDialog.bundle in Resources */ = {isa = PBXBuildFile; fileRef = 1859A02916E63E22001EB8CF /* FBDialog.bundle */; };
		1859A10616E63E22001EB8CF /* FBDialog.m in Sources */ = {isa = PBXBuildFile; fileRef = 1859A02B16E63E22001EB8CF /* FBDialog.m */; settings = {COMPILER_FLAGS = "-fno-objc-arc"; }; };
		1859A10716E63E22001EB8CF /* FBLoginDialog.m in Sources */ = {isa = PBXBuildFile; fileRef = 1859A02D16E63E22001EB8CF /* FBLoginDialog.m */; settings = {COMPILER_FLAGS = "-fno-objc-arc"; }; };
		1859A10816E63E22001EB8CF /* FBLoginManager.m in Sources */ = {isa = PBXBuildFile; fileRef = 1859A02F16E63E22001EB8CF /* FBLoginManager.m */; settings = {COMPILER_FLAGS = "-fno-objc-arc"; }; };
		1859A10916E63E22001EB8CF /* FBLoginManager.xib in Resources */ = {isa = PBXBuildFile; fileRef = 1859A03016E63E22001EB8CF /* FBLoginManager.xib */; };
		1859A10A16E63E22001EB8CF /* FBRequest.m in Sources */ = {isa = PBXBuildFile; fileRef = 1859A03216E63E22001EB8CF /* FBRequest.m */; settings = {COMPILER_FLAGS = "-fno-objc-arc"; }; };
		1859A10B16E63E22001EB8CF /* FontLabel.m in Sources */ = {isa = PBXBuildFile; fileRef = 1859A03516E63E22001EB8CF /* FontLabel.m */; settings = {COMPILER_FLAGS = "-fno-objc-arc"; }; };
		1859A10C16E63E22001EB8CF /* FontLabelStringDrawing.m in Sources */ = {isa = PBXBuildFile; fileRef = 1859A03716E63E22001EB8CF /* FontLabelStringDrawing.m */; settings = {COMPILER_FLAGS = "-fno-objc-arc"; }; };
		1859A10D16E63E22001EB8CF /* FontManager.m in Sources */ = {isa = PBXBuildFile; fileRef = 1859A03916E63E22001EB8CF /* FontManager.m */; settings = {COMPILER_FLAGS = "-fno-objc-arc"; }; };
		1859A10E16E63E22001EB8CF /* ZAttributedString.m in Sources */ = {isa = PBXBuildFile; fileRef = 1859A03B16E63E22001EB8CF /* ZAttributedString.m */; settings = {COMPILER_FLAGS = "-fno-objc-arc"; }; };
		1859A10F16E63E22001EB8CF /* ZFont.m in Sources */ = {isa = PBXBuildFile; fileRef = 1859A03E16E63E22001EB8CF /* ZFont.m */; settings = {COMPILER_FLAGS = "-fno-objc-arc"; }; };
		1859A11016E63E22001EB8CF /* api.html in Resources */ = {isa = PBXBuildFile; fileRef = 1859A04016E63E22001EB8CF /* api.html */; };
		1859A11116E63E22001EB8CF /* City.m in Sources */ = {isa = PBXBuildFile; fileRef = 1859A04616E63E22001EB8CF /* City.m */; settings = {COMPILER_FLAGS = "-fno-objc-arc"; }; };
		1859A11216E63E22001EB8CF /* SBRouteAnnotation.m in Sources */ = {isa = PBXBuildFile; fileRef = 1859A04916E63E22001EB8CF /* SBRouteAnnotation.m */; settings = {COMPILER_FLAGS = "-fno-objc-arc"; }; };
		1859A11316E63E22001EB8CF /* SBMapView.m in Sources */ = {isa = PBXBuildFile; fileRef = 1859A04D16E63E22001EB8CF /* SBMapView.m */; settings = {COMPILER_FLAGS = "-fno-objc-arc"; }; };
		1859A11416E63E22001EB8CF /* JSONKit.m in Sources */ = {isa = PBXBuildFile; fileRef = 1859A05016E63E22001EB8CF /* JSONKit.m */; settings = {COMPILER_FLAGS = "-fno-objc-arc"; }; };
		1859A11516E63E22001EB8CF /* UICGCheckPoint.m in Sources */ = {isa = PBXBuildFile; fileRef = 1859A05216E63E22001EB8CF /* UICGCheckPoint.m */; settings = {COMPILER_FLAGS = "-fno-objc-arc"; }; };
		1859A11616E63E22001EB8CF /* UICGDirections.m in Sources */ = {isa = PBXBuildFile; fileRef = 1859A05416E63E22001EB8CF /* UICGDirections.m */; settings = {COMPILER_FLAGS = "-fno-objc-arc"; }; };
		1859A11716E63E22001EB8CF /* UICGDirectionsOptions.m in Sources */ = {isa = PBXBuildFile; fileRef = 1859A05616E63E22001EB8CF /* UICGDirectionsOptions.m */; settings = {COMPILER_FLAGS = "-fno-objc-arc"; }; };
		1859A11816E63E22001EB8CF /* UICGoogleMapsAPI.m in Sources */ = {isa = PBXBuildFile; fileRef = 1859A05816E63E22001EB8CF /* UICGoogleMapsAPI.m */; settings = {COMPILER_FLAGS = "-fno-objc-arc"; }; };
		1859A11916E63E22001EB8CF /* UICGPolyline.m in Sources */ = {isa = PBXBuildFile; fileRef = 1859A05A16E63E22001EB8CF /* UICGPolyline.m */; settings = {COMPILER_FLAGS = "-fno-objc-arc"; }; };
		1859A11A16E63E22001EB8CF /* UICGRoute.m in Sources */ = {isa = PBXBuildFile; fileRef = 1859A05C16E63E22001EB8CF /* UICGRoute.m */; settings = {COMPILER_FLAGS = "-fno-objc-arc"; }; };
		1859A11B16E63E22001EB8CF /* UICGRoutes.m in Sources */ = {isa = PBXBuildFile; fileRef = 1859A05E16E63E22001EB8CF /* UICGRoutes.m */; settings = {COMPILER_FLAGS = "-fno-objc-arc"; }; };
		1859A11C16E63E22001EB8CF /* NSObject+SBJSON.m in Sources */ = {isa = PBXBuildFile; fileRef = 1859A06216E63E22001EB8CF /* NSObject+SBJSON.m */; settings = {COMPILER_FLAGS = "-fno-objc-arc"; }; };
		1859A11D16E63E22001EB8CF /* NSString+SBJSON.m in Sources */ = {isa = PBXBuildFile; fileRef = 1859A06416E63E22001EB8CF /* NSString+SBJSON.m */; settings = {COMPILER_FLAGS = "-fno-objc-arc"; }; };
		1859A11E16E63E22001EB8CF /* SBJSON.m in Sources */ = {isa = PBXBuildFile; fileRef = 1859A06616E63E22001EB8CF /* SBJSON.m */; settings = {COMPILER_FLAGS = "-fno-objc-arc"; }; };
		1859A11F16E63E22001EB8CF /* SBJsonBase.m in Sources */ = {isa = PBXBuildFile; fileRef = 1859A06816E63E22001EB8CF /* SBJsonBase.m */; settings = {COMPILER_FLAGS = "-fno-objc-arc"; }; };
		1859A12016E63E22001EB8CF /* SBJsonParser.m in Sources */ = {isa = PBXBuildFile; fileRef = 1859A06A16E63E22001EB8CF /* SBJsonParser.m */; settings = {COMPILER_FLAGS = "-fno-objc-arc"; }; };
		1859A12116E63E22001EB8CF /* SBJsonStreamParser.m in Sources */ = {isa = PBXBuildFile; fileRef = 1859A06C16E63E22001EB8CF /* SBJsonStreamParser.m */; settings = {COMPILER_FLAGS = "-fno-objc-arc"; }; };
		1859A12216E63E22001EB8CF /* SBJsonStreamParserAccumulator.m in Sources */ = {isa = PBXBuildFile; fileRef = 1859A06E16E63E22001EB8CF /* SBJsonStreamParserAccumulator.m */; settings = {COMPILER_FLAGS = "-fno-objc-arc"; }; };
		1859A12316E63E22001EB8CF /* SBJsonStreamParserAdapter.m in Sources */ = {isa = PBXBuildFile; fileRef = 1859A07016E63E22001EB8CF /* SBJsonStreamParserAdapter.m */; settings = {COMPILER_FLAGS = "-fno-objc-arc"; }; };
		1859A12416E63E22001EB8CF /* SBJsonStreamParserState.m in Sources */ = {isa = PBXBuildFile; fileRef = 1859A07216E63E22001EB8CF /* SBJsonStreamParserState.m */; settings = {COMPILER_FLAGS = "-fno-objc-arc"; }; };
		1859A12516E63E22001EB8CF /* SBJsonStreamWriter.m in Sources */ = {isa = PBXBuildFile; fileRef = 1859A07416E63E22001EB8CF /* SBJsonStreamWriter.m */; settings = {COMPILER_FLAGS = "-fno-objc-arc"; }; };
		1859A12616E63E22001EB8CF /* SBJsonStreamWriterAccumulator.m in Sources */ = {isa = PBXBuildFile; fileRef = 1859A07616E63E22001EB8CF /* SBJsonStreamWriterAccumulator.m */; settings = {COMPILER_FLAGS = "-fno-objc-arc"; }; };
		1859A12716E63E22001EB8CF /* SBJsonStreamWriterState.m in Sources */ = {isa = PBXBuildFile; fileRef = 1859A07816E63E22001EB8CF /* SBJsonStreamWriterState.m */; settings = {COMPILER_FLAGS = "-fno-objc-arc"; }; };
		1859A12816E63E22001EB8CF /* SBJsonTokeniser.m in Sources */ = {isa = PBXBuildFile; fileRef = 1859A07A16E63E22001EB8CF /* SBJsonTokeniser.m */; settings = {COMPILER_FLAGS = "-fno-objc-arc"; }; };
		1859A12916E63E22001EB8CF /* SBJsonUTF8Stream.m in Sources */ = {isa = PBXBuildFile; fileRef = 1859A07C16E63E22001EB8CF /* SBJsonUTF8Stream.m */; settings = {COMPILER_FLAGS = "-fno-objc-arc"; }; };
		1859A12A16E63E22001EB8CF /* SBJsonWriter.m in Sources */ = {isa = PBXBuildFile; fileRef = 1859A07E16E63E22001EB8CF /* SBJsonWriter.m */; settings = {COMPILER_FLAGS = "-fno-objc-arc"; }; };
		1859A12B16E63E22001EB8CF /* LICENSE in Resources */ = {isa = PBXBuildFile; fileRef = 1859A08016E63E22001EB8CF /* LICENSE */; };
		1859A12C16E63E22001EB8CF /* README.md in Resources */ = {isa = PBXBuildFile; fileRef = 1859A08116E63E22001EB8CF /* README.md */; };
		1859A12D16E63E22001EB8CF /* SDImageCache.m in Sources */ = {isa = PBXBuildFile; fileRef = 1859A08316E63E22001EB8CF /* SDImageCache.m */; settings = {COMPILER_FLAGS = "-fno-objc-arc"; }; };
		1859A12E16E63E22001EB8CF /* SDWebImageDownloader.m in Sources */ = {isa = PBXBuildFile; fileRef = 1859A08716E63E22001EB8CF /* SDWebImageDownloader.m */; settings = {COMPILER_FLAGS = "-fno-objc-arc"; }; };
		1859A12F16E63E22001EB8CF /* SDWebImageManager.m in Sources */ = {isa = PBXBuildFile; fileRef = 1859A08A16E63E22001EB8CF /* SDWebImageManager.m */; settings = {COMPILER_FLAGS = "-fno-objc-arc"; }; };
		1859A13016E63E22001EB8CF /* UIButton+WebCache.m in Sources */ = {isa = PBXBuildFile; fileRef = 1859A08D16E63E22001EB8CF /* UIButton+WebCache.m */; settings = {COMPILER_FLAGS = "-fno-objc-arc"; }; };
		1859A13116E63E22001EB8CF /* UIImageView+WebCache.m in Sources */ = {isa = PBXBuildFile; fileRef = 1859A08F16E63E22001EB8CF /* UIImageView+WebCache.m */; settings = {COMPILER_FLAGS = "-fno-objc-arc"; }; };
		1859A16B16E63EB6001EB8CF /* APIRequester.m in Sources */ = {isa = PBXBuildFile; fileRef = 1859A15F16E63EB6001EB8CF /* APIRequester.m */; settings = {COMPILER_FLAGS = "-fno-objc-arc"; }; };
		1859A16C16E63EB6001EB8CF /* SupportFunction.m in Sources */ = {isa = PBXBuildFile; fileRef = 1859A16216E63EB6001EB8CF /* SupportFunction.m */; settings = {COMPILER_FLAGS = "-fno-objc-arc"; }; };
		1859A16D16E63EB6001EB8CF /* TouchedGestureRecognizer.m in Sources */ = {isa = PBXBuildFile; fileRef = 1859A16416E63EB6001EB8CF /* TouchedGestureRecognizer.m */; };
		1859A16E16E63EB6001EB8CF /* TTTAttributedLabel.m in Sources */ = {isa = PBXBuildFile; fileRef = 1859A16616E63EB6001EB8CF /* TTTAttributedLabel.m */; };
		1859A16F16E63EB6001EB8CF /* UIImageExtension.m in Sources */ = {isa = PBXBuildFile; fileRef = 1859A16816E63EB6001EB8CF /* UIImageExtension.m */; settings = {COMPILER_FLAGS = "-fno-objc-arc"; }; };
		1859A17016E63EB6001EB8CF /* Utilities.m in Sources */ = {isa = PBXBuildFile; fileRef = 1859A16A16E63EB6001EB8CF /* Utilities.m */; };
		1859A17416E6403F001EB8CF /* libxml2.2.dylib in Frameworks */ = {isa = PBXBuildFile; fileRef = 1859A17216E6403F001EB8CF /* libxml2.2.dylib */; };
		1859A17516E6403F001EB8CF /* libxml2.dylib in Frameworks */ = {isa = PBXBuildFile; fileRef = 1859A17316E6403F001EB8CF /* libxml2.dylib */; };
		1859A17716E64065001EB8CF /* libz.dylib in Frameworks */ = {isa = PBXBuildFile; fileRef = 1859A17616E64065001EB8CF /* libz.dylib */; };
		1859A17916E641A1001EB8CF /* CFNetwork.framework in Frameworks */ = {isa = PBXBuildFile; fileRef = 1859A17816E641A1001EB8CF /* CFNetwork.framework */; };
		1859A17B16E641C6001EB8CF /* CoreText.framework in Frameworks */ = {isa = PBXBuildFile; fileRef = 1859A17A16E641C6001EB8CF /* CoreText.framework */; };
		1859A17D16E641E2001EB8CF /* SystemConfiguration.framework in Frameworks */ = {isa = PBXBuildFile; fileRef = 1859A17C16E641E2001EB8CF /* SystemConfiguration.framework */; };
		1859A17F16E641FB001EB8CF /* MobileCoreServices.framework in Frameworks */ = {isa = PBXBuildFile; fileRef = 1859A17E16E641FB001EB8CF /* MobileCoreServices.framework */; };
		18653C9816F76B1000849ACA /* arrest.png in Resources */ = {isa = PBXBuildFile; fileRef = 18653C9716F76B1000849ACA /* arrest.png */; };
		18BFB1D516F8B299009ED31E /* iATM_DB.xcdatamodeld in Sources */ = {isa = PBXBuildFile; fileRef = 18BFB1D316F8B299009ED31E /* iATM_DB.xcdatamodeld */; };
		18BFB1DD16F8BE67009ED31E /* CoreData.framework in Frameworks */ = {isa = PBXBuildFile; fileRef = 18BFB1DC16F8BE67009ED31E /* CoreData.framework */; };
		18BFB1E316F8C717009ED31E /* BankInfosModule.m in Sources */ = {isa = PBXBuildFile; fileRef = 18BFB1E216F8C717009ED31E /* BankInfosModule.m */; };
		2C638B3216ED9661009CE242 /* BankItem.m in Sources */ = {isa = PBXBuildFile; fileRef = 2C638B3116ED9661009CE242 /* BankItem.m */; };
		2C87029016E98F3700302E17 /* AppDelegate.m in Sources */ = {isa = PBXBuildFile; fileRef = 2C87028B16E98F3700302E17 /* AppDelegate.m */; };
		2C87029116E98F3700302E17 /* AppViewController.m in Sources */ = {isa = PBXBuildFile; fileRef = 2C87028D16E98F3700302E17 /* AppViewController.m */; };
		2C87029216E98F3700302E17 /* ViewController.m in Sources */ = {isa = PBXBuildFile; fileRef = 2C87028F16E98F3700302E17 /* ViewController.m */; };
		2CDAC56A170E82D10096A939 /* BBCell.m in Sources */ = {isa = PBXBuildFile; fileRef = 2CDAC564170E82D10096A939 /* BBCell.m */; };
		2CDAC56B170E82D10096A939 /* BBTableView.m in Sources */ = {isa = PBXBuildFile; fileRef = 2CDAC566170E82D10096A939 /* BBTableView.m */; };
		2CDAC56C170E82D10096A939 /* BBTableViewInterceptor.m in Sources */ = {isa = PBXBuildFile; fileRef = 2CDAC569170E82D10096A939 /* BBTableViewInterceptor.m */; };
		2CDAC56F170E8BE20096A939 /* vietcombank.png in Resources */ = {isa = PBXBuildFile; fileRef = 2CDAC56E170E8BE20096A939 /* vietcombank.png */; };
		2CDB13B716E83AC1005D4598 /* Default-568h@2x.png in Resources */ = {isa = PBXBuildFile; fileRef = 2CDB13B216E83AC1005D4598 /* Default-568h@2x.png */; };
		2CDB13B816E83AC1005D4598 /* Default.png in Resources */ = {isa = PBXBuildFile; fileRef = 2CDB13B316E83AC1005D4598 /* Default.png */; };
		2CDB13B916E83AC1005D4598 /* Default@2x.png in Resources */ = {isa = PBXBuildFile; fileRef = 2CDB13B416E83AC1005D4598 /* Default@2x.png */; };
		AABDA1FA16FDFA3600A52F5D /* fakeLoc.gpx in Resources */ = {isa = PBXBuildFile; fileRef = AABDA1F916FDFA3600A52F5D /* fakeLoc.gpx */; };
/* End PBXBuildFile section */

/* Begin PBXFileReference section */
		18202B8F16E6300A0042F0C1 /* iATM.app */ = {isa = PBXFileReference; explicitFileType = wrapper.application; includeInIndex = 0; path = iATM.app; sourceTree = BUILT_PRODUCTS_DIR; };
		18202B9316E6300A0042F0C1 /* UIKit.framework */ = {isa = PBXFileReference; lastKnownFileType = wrapper.framework; name = UIKit.framework; path = System/Library/Frameworks/UIKit.framework; sourceTree = SDKROOT; };
		18202B9516E6300A0042F0C1 /* Foundation.framework */ = {isa = PBXFileReference; lastKnownFileType = wrapper.framework; name = Foundation.framework; path = System/Library/Frameworks/Foundation.framework; sourceTree = SDKROOT; };
		18202B9716E6300A0042F0C1 /* CoreGraphics.framework */ = {isa = PBXFileReference; lastKnownFileType = wrapper.framework; name = CoreGraphics.framework; path = System/Library/Frameworks/CoreGraphics.framework; sourceTree = SDKROOT; };
		18202B9B16E6300A0042F0C1 /* iATM-Info.plist */ = {isa = PBXFileReference; lastKnownFileType = text.plist.xml; path = "iATM-Info.plist"; sourceTree = "<group>"; };
		18202B9D16E6300A0042F0C1 /* en */ = {isa = PBXFileReference; lastKnownFileType = text.plist.strings; name = en; path = en.lproj/InfoPlist.strings; sourceTree = "<group>"; };
		18202B9F16E6300A0042F0C1 /* main.m */ = {isa = PBXFileReference; lastKnownFileType = sourcecode.c.objc; path = main.m; sourceTree = "<group>"; };
		18202BA116E6300A0042F0C1 /* iATM-Prefix.pch */ = {isa = PBXFileReference; lastKnownFileType = sourcecode.c.h; path = "iATM-Prefix.pch"; sourceTree = "<group>"; };
		18202BAC16E6300A0042F0C1 /* en */ = {isa = PBXFileReference; lastKnownFileType = file.storyboard; name = en; path = en.lproj/MainStoryboard.storyboard; sourceTree = "<group>"; };
		18202BBD16E632710042F0C1 /* MapKit.framework */ = {isa = PBXFileReference; lastKnownFileType = wrapper.framework; name = MapKit.framework; path = System/Library/Frameworks/MapKit.framework; sourceTree = SDKROOT; };
		18202BBF16E6329B0042F0C1 /* CoreLocation.framework */ = {isa = PBXFileReference; lastKnownFileType = wrapper.framework; name = CoreLocation.framework; path = System/Library/Frameworks/CoreLocation.framework; sourceTree = SDKROOT; };
		18202BC116E632A20042F0C1 /* QuartzCore.framework */ = {isa = PBXFileReference; lastKnownFileType = wrapper.framework; name = QuartzCore.framework; path = System/Library/Frameworks/QuartzCore.framework; sourceTree = SDKROOT; };
		1859A00816E63E22001EB8CF /* ASIAuthenticationDialog.h */ = {isa = PBXFileReference; fileEncoding = 4; lastKnownFileType = sourcecode.c.h; path = ASIAuthenticationDialog.h; sourceTree = "<group>"; };
		1859A00916E63E22001EB8CF /* ASIAuthenticationDialog.m */ = {isa = PBXFileReference; fileEncoding = 4; lastKnownFileType = sourcecode.c.objc; path = ASIAuthenticationDialog.m; sourceTree = "<group>"; };
		1859A00A16E63E22001EB8CF /* ASICacheDelegate.h */ = {isa = PBXFileReference; fileEncoding = 4; lastKnownFileType = sourcecode.c.h; path = ASICacheDelegate.h; sourceTree = "<group>"; };
		1859A00B16E63E22001EB8CF /* ASIDataCompressor.h */ = {isa = PBXFileReference; fileEncoding = 4; lastKnownFileType = sourcecode.c.h; path = ASIDataCompressor.h; sourceTree = "<group>"; };
		1859A00C16E63E22001EB8CF /* ASIDataCompressor.m */ = {isa = PBXFileReference; fileEncoding = 4; lastKnownFileType = sourcecode.c.objc; path = ASIDataCompressor.m; sourceTree = "<group>"; };
		1859A00D16E63E22001EB8CF /* ASIDataDecompressor.h */ = {isa = PBXFileReference; fileEncoding = 4; lastKnownFileType = sourcecode.c.h; path = ASIDataDecompressor.h; sourceTree = "<group>"; };
		1859A00E16E63E22001EB8CF /* ASIDataDecompressor.m */ = {isa = PBXFileReference; fileEncoding = 4; lastKnownFileType = sourcecode.c.objc; path = ASIDataDecompressor.m; sourceTree = "<group>"; };
		1859A00F16E63E22001EB8CF /* ASIDownloadCache.h */ = {isa = PBXFileReference; fileEncoding = 4; lastKnownFileType = sourcecode.c.h; path = ASIDownloadCache.h; sourceTree = "<group>"; };
		1859A01016E63E22001EB8CF /* ASIDownloadCache.m */ = {isa = PBXFileReference; fileEncoding = 4; lastKnownFileType = sourcecode.c.objc; path = ASIDownloadCache.m; sourceTree = "<group>"; };
		1859A01116E63E22001EB8CF /* ASIFormDataRequest.h */ = {isa = PBXFileReference; fileEncoding = 4; lastKnownFileType = sourcecode.c.h; path = ASIFormDataRequest.h; sourceTree = "<group>"; };
		1859A01216E63E22001EB8CF /* ASIFormDataRequest.m */ = {isa = PBXFileReference; fileEncoding = 4; lastKnownFileType = sourcecode.c.objc; path = ASIFormDataRequest.m; sourceTree = "<group>"; };
		1859A01316E63E22001EB8CF /* ASIHTTPRequest.h */ = {isa = PBXFileReference; fileEncoding = 4; lastKnownFileType = sourcecode.c.h; path = ASIHTTPRequest.h; sourceTree = "<group>"; };
		1859A01416E63E22001EB8CF /* ASIHTTPRequest.m */ = {isa = PBXFileReference; fileEncoding = 4; lastKnownFileType = sourcecode.c.objc; path = ASIHTTPRequest.m; sourceTree = "<group>"; };
		1859A01516E63E22001EB8CF /* ASIHTTPRequestConfig.h */ = {isa = PBXFileReference; fileEncoding = 4; lastKnownFileType = sourcecode.c.h; path = ASIHTTPRequestConfig.h; sourceTree = "<group>"; };
		1859A01616E63E22001EB8CF /* ASIHTTPRequestDelegate.h */ = {isa = PBXFileReference; fileEncoding = 4; lastKnownFileType = sourcecode.c.h; path = ASIHTTPRequestDelegate.h; sourceTree = "<group>"; };
		1859A01716E63E22001EB8CF /* ASIInputStream.h */ = {isa = PBXFileReference; fileEncoding = 4; lastKnownFileType = sourcecode.c.h; path = ASIInputStream.h; sourceTree = "<group>"; };
		1859A01816E63E22001EB8CF /* ASIInputStream.m */ = {isa = PBXFileReference; fileEncoding = 4; lastKnownFileType = sourcecode.c.objc; path = ASIInputStream.m; sourceTree = "<group>"; };
		1859A01916E63E22001EB8CF /* ASINetworkQueue.h */ = {isa = PBXFileReference; fileEncoding = 4; lastKnownFileType = sourcecode.c.h; path = ASINetworkQueue.h; sourceTree = "<group>"; };
		1859A01A16E63E22001EB8CF /* ASINetworkQueue.m */ = {isa = PBXFileReference; fileEncoding = 4; lastKnownFileType = sourcecode.c.objc; path = ASINetworkQueue.m; sourceTree = "<group>"; };
		1859A01B16E63E22001EB8CF /* ASIProgressDelegate.h */ = {isa = PBXFileReference; fileEncoding = 4; lastKnownFileType = sourcecode.c.h; path = ASIProgressDelegate.h; sourceTree = "<group>"; };
		1859A01C16E63E22001EB8CF /* Reachability.h */ = {isa = PBXFileReference; fileEncoding = 4; lastKnownFileType = sourcecode.c.h; path = Reachability.h; sourceTree = "<group>"; };
		1859A01D16E63E22001EB8CF /* Reachability.m */ = {isa = PBXFileReference; fileEncoding = 4; lastKnownFileType = sourcecode.c.objc; path = Reachability.m; sourceTree = "<group>"; };
		1859A01F16E63E22001EB8CF /* FBFunLoginDialog.h */ = {isa = PBXFileReference; fileEncoding = 4; lastKnownFileType = sourcecode.c.h; path = FBFunLoginDialog.h; sourceTree = "<group>"; };
		1859A02016E63E22001EB8CF /* FBFunLoginDialog.m */ = {isa = PBXFileReference; fileEncoding = 4; lastKnownFileType = sourcecode.c.objc; path = FBFunLoginDialog.m; sourceTree = "<group>"; };
		1859A02116E63E22001EB8CF /* FBFunLoginDialog.xib */ = {isa = PBXFileReference; fileEncoding = 4; lastKnownFileType = file.xib; path = FBFunLoginDialog.xib; sourceTree = "<group>"; };
		1859A02216E63E22001EB8CF /* FBFunLoginManager.h */ = {isa = PBXFileReference; fileEncoding = 4; lastKnownFileType = sourcecode.c.h; path = FBFunLoginManager.h; sourceTree = "<group>"; };
		1859A02316E63E22001EB8CF /* FBFunLoginManager.m */ = {isa = PBXFileReference; fileEncoding = 4; lastKnownFileType = sourcecode.c.objc; path = FBFunLoginManager.m; sourceTree = "<group>"; };
		1859A02416E63E22001EB8CF /* FBFunLoginManager.xib */ = {isa = PBXFileReference; fileEncoding = 4; lastKnownFileType = file.xib; path = FBFunLoginManager.xib; sourceTree = "<group>"; };
		1859A02616E63E22001EB8CF /* Facebook.h */ = {isa = PBXFileReference; fileEncoding = 4; lastKnownFileType = sourcecode.c.h; path = Facebook.h; sourceTree = "<group>"; };
		1859A02716E63E22001EB8CF /* Facebook.m */ = {isa = PBXFileReference; fileEncoding = 4; lastKnownFileType = sourcecode.c.objc; path = Facebook.m; sourceTree = "<group>"; };
		1859A02816E63E22001EB8CF /* FBConnect.h */ = {isa = PBXFileReference; fileEncoding = 4; lastKnownFileType = sourcecode.c.h; path = FBConnect.h; sourceTree = "<group>"; };
		1859A02916E63E22001EB8CF /* FBDialog.bundle */ = {isa = PBXFileReference; lastKnownFileType = "wrapper.plug-in"; path = FBDialog.bundle; sourceTree = "<group>"; };
		1859A02A16E63E22001EB8CF /* FBDialog.h */ = {isa = PBXFileReference; fileEncoding = 4; lastKnownFileType = sourcecode.c.h; path = FBDialog.h; sourceTree = "<group>"; };
		1859A02B16E63E22001EB8CF /* FBDialog.m */ = {isa = PBXFileReference; fileEncoding = 4; lastKnownFileType = sourcecode.c.objc; path = FBDialog.m; sourceTree = "<group>"; };
		1859A02C16E63E22001EB8CF /* FBLoginDialog.h */ = {isa = PBXFileReference; fileEncoding = 4; lastKnownFileType = sourcecode.c.h; path = FBLoginDialog.h; sourceTree = "<group>"; };
		1859A02D16E63E22001EB8CF /* FBLoginDialog.m */ = {isa = PBXFileReference; fileEncoding = 4; lastKnownFileType = sourcecode.c.objc; path = FBLoginDialog.m; sourceTree = "<group>"; };
		1859A02E16E63E22001EB8CF /* FBLoginManager.h */ = {isa = PBXFileReference; fileEncoding = 4; lastKnownFileType = sourcecode.c.h; path = FBLoginManager.h; sourceTree = "<group>"; };
		1859A02F16E63E22001EB8CF /* FBLoginManager.m */ = {isa = PBXFileReference; fileEncoding = 4; lastKnownFileType = sourcecode.c.objc; path = FBLoginManager.m; sourceTree = "<group>"; };
		1859A03016E63E22001EB8CF /* FBLoginManager.xib */ = {isa = PBXFileReference; fileEncoding = 4; lastKnownFileType = file.xib; path = FBLoginManager.xib; sourceTree = "<group>"; };
		1859A03116E63E22001EB8CF /* FBRequest.h */ = {isa = PBXFileReference; fileEncoding = 4; lastKnownFileType = sourcecode.c.h; path = FBRequest.h; sourceTree = "<group>"; };
		1859A03216E63E22001EB8CF /* FBRequest.m */ = {isa = PBXFileReference; fileEncoding = 4; lastKnownFileType = sourcecode.c.objc; path = FBRequest.m; sourceTree = "<group>"; };
		1859A03416E63E22001EB8CF /* FontLabel.h */ = {isa = PBXFileReference; fileEncoding = 4; lastKnownFileType = sourcecode.c.h; path = FontLabel.h; sourceTree = "<group>"; };
		1859A03516E63E22001EB8CF /* FontLabel.m */ = {isa = PBXFileReference; fileEncoding = 4; lastKnownFileType = sourcecode.c.objc; path = FontLabel.m; sourceTree = "<group>"; };
		1859A03616E63E22001EB8CF /* FontLabelStringDrawing.h */ = {isa = PBXFileReference; fileEncoding = 4; lastKnownFileType = sourcecode.c.h; path = FontLabelStringDrawing.h; sourceTree = "<group>"; };
		1859A03716E63E22001EB8CF /* FontLabelStringDrawing.m */ = {isa = PBXFileReference; fileEncoding = 4; lastKnownFileType = sourcecode.c.objc; path = FontLabelStringDrawing.m; sourceTree = "<group>"; };
		1859A03816E63E22001EB8CF /* FontManager.h */ = {isa = PBXFileReference; fileEncoding = 4; lastKnownFileType = sourcecode.c.h; path = FontManager.h; sourceTree = "<group>"; };
		1859A03916E63E22001EB8CF /* FontManager.m */ = {isa = PBXFileReference; fileEncoding = 4; lastKnownFileType = sourcecode.c.objc; path = FontManager.m; sourceTree = "<group>"; };
		1859A03A16E63E22001EB8CF /* ZAttributedString.h */ = {isa = PBXFileReference; fileEncoding = 4; lastKnownFileType = sourcecode.c.h; path = ZAttributedString.h; sourceTree = "<group>"; };
		1859A03B16E63E22001EB8CF /* ZAttributedString.m */ = {isa = PBXFileReference; fileEncoding = 4; lastKnownFileType = sourcecode.c.objc; path = ZAttributedString.m; sourceTree = "<group>"; };
		1859A03C16E63E22001EB8CF /* ZAttributedStringPrivate.h */ = {isa = PBXFileReference; fileEncoding = 4; lastKnownFileType = sourcecode.c.h; path = ZAttributedStringPrivate.h; sourceTree = "<group>"; };
		1859A03D16E63E22001EB8CF /* ZFont.h */ = {isa = PBXFileReference; fileEncoding = 4; lastKnownFileType = sourcecode.c.h; path = ZFont.h; sourceTree = "<group>"; };
		1859A03E16E63E22001EB8CF /* ZFont.m */ = {isa = PBXFileReference; fileEncoding = 4; lastKnownFileType = sourcecode.c.objc; path = ZFont.m; sourceTree = "<group>"; };
		1859A04016E63E22001EB8CF /* api.html */ = {isa = PBXFileReference; fileEncoding = 4; lastKnownFileType = text.html; path = api.html; sourceTree = "<group>"; };
		1859A04516E63E22001EB8CF /* City.h */ = {isa = PBXFileReference; fileEncoding = 4; lastKnownFileType = sourcecode.c.h; path = City.h; sourceTree = "<group>"; };
		1859A04616E63E22001EB8CF /* City.m */ = {isa = PBXFileReference; fileEncoding = 4; lastKnownFileType = sourcecode.c.objc; path = City.m; sourceTree = "<group>"; };
		1859A04816E63E22001EB8CF /* SBRouteAnnotation.h */ = {isa = PBXFileReference; fileEncoding = 4; lastKnownFileType = sourcecode.c.h; path = SBRouteAnnotation.h; sourceTree = "<group>"; };
		1859A04916E63E22001EB8CF /* SBRouteAnnotation.m */ = {isa = PBXFileReference; fileEncoding = 4; lastKnownFileType = sourcecode.c.objc; path = SBRouteAnnotation.m; sourceTree = "<group>"; };
		1859A04C16E63E22001EB8CF /* SBMapView.h */ = {isa = PBXFileReference; fileEncoding = 4; lastKnownFileType = sourcecode.c.h; path = SBMapView.h; sourceTree = "<group>"; };
		1859A04D16E63E22001EB8CF /* SBMapView.m */ = {isa = PBXFileReference; fileEncoding = 4; lastKnownFileType = sourcecode.c.objc; path = SBMapView.m; sourceTree = "<group>"; };
		1859A04F16E63E22001EB8CF /* JSONKit.h */ = {isa = PBXFileReference; fileEncoding = 4; lastKnownFileType = sourcecode.c.h; path = JSONKit.h; sourceTree = "<group>"; };
		1859A05016E63E22001EB8CF /* JSONKit.m */ = {isa = PBXFileReference; fileEncoding = 4; lastKnownFileType = sourcecode.c.objc; path = JSONKit.m; sourceTree = "<group>"; };
		1859A05116E63E22001EB8CF /* UICGCheckPoint.h */ = {isa = PBXFileReference; fileEncoding = 4; lastKnownFileType = sourcecode.c.h; path = UICGCheckPoint.h; sourceTree = "<group>"; };
		1859A05216E63E22001EB8CF /* UICGCheckPoint.m */ = {isa = PBXFileReference; fileEncoding = 4; lastKnownFileType = sourcecode.c.objc; path = UICGCheckPoint.m; sourceTree = "<group>"; };
		1859A05316E63E22001EB8CF /* UICGDirections.h */ = {isa = PBXFileReference; fileEncoding = 4; lastKnownFileType = sourcecode.c.h; path = UICGDirections.h; sourceTree = "<group>"; };
		1859A05416E63E22001EB8CF /* UICGDirections.m */ = {isa = PBXFileReference; fileEncoding = 4; lastKnownFileType = sourcecode.c.objc; path = UICGDirections.m; sourceTree = "<group>"; };
		1859A05516E63E22001EB8CF /* UICGDirectionsOptions.h */ = {isa = PBXFileReference; fileEncoding = 4; lastKnownFileType = sourcecode.c.h; path = UICGDirectionsOptions.h; sourceTree = "<group>"; };
		1859A05616E63E22001EB8CF /* UICGDirectionsOptions.m */ = {isa = PBXFileReference; fileEncoding = 4; lastKnownFileType = sourcecode.c.objc; path = UICGDirectionsOptions.m; sourceTree = "<group>"; };
		1859A05716E63E22001EB8CF /* UICGoogleMapsAPI.h */ = {isa = PBXFileReference; fileEncoding = 4; lastKnownFileType = sourcecode.c.h; path = UICGoogleMapsAPI.h; sourceTree = "<group>"; };
		1859A05816E63E22001EB8CF /* UICGoogleMapsAPI.m */ = {isa = PBXFileReference; fileEncoding = 4; lastKnownFileType = sourcecode.c.objc; path = UICGoogleMapsAPI.m; sourceTree = "<group>"; };
		1859A05916E63E22001EB8CF /* UICGPolyline.h */ = {isa = PBXFileReference; fileEncoding = 4; lastKnownFileType = sourcecode.c.h; path = UICGPolyline.h; sourceTree = "<group>"; };
		1859A05A16E63E22001EB8CF /* UICGPolyline.m */ = {isa = PBXFileReference; fileEncoding = 4; lastKnownFileType = sourcecode.c.objc; path = UICGPolyline.m; sourceTree = "<group>"; };
		1859A05B16E63E22001EB8CF /* UICGRoute.h */ = {isa = PBXFileReference; fileEncoding = 4; lastKnownFileType = sourcecode.c.h; path = UICGRoute.h; sourceTree = "<group>"; };
		1859A05C16E63E22001EB8CF /* UICGRoute.m */ = {isa = PBXFileReference; fileEncoding = 4; lastKnownFileType = sourcecode.c.objc; path = UICGRoute.m; sourceTree = "<group>"; };
		1859A05D16E63E22001EB8CF /* UICGRoutes.h */ = {isa = PBXFileReference; fileEncoding = 4; lastKnownFileType = sourcecode.c.h; path = UICGRoutes.h; sourceTree = "<group>"; };
		1859A05E16E63E22001EB8CF /* UICGRoutes.m */ = {isa = PBXFileReference; fileEncoding = 4; lastKnownFileType = sourcecode.c.objc; path = UICGRoutes.m; sourceTree = "<group>"; };
		1859A06016E63E22001EB8CF /* JSON.h */ = {isa = PBXFileReference; fileEncoding = 4; lastKnownFileType = sourcecode.c.h; path = JSON.h; sourceTree = "<group>"; };
		1859A06116E63E22001EB8CF /* NSObject+SBJSON.h */ = {isa = PBXFileReference; fileEncoding = 4; lastKnownFileType = sourcecode.c.h; path = "NSObject+SBJSON.h"; sourceTree = "<group>"; };
		1859A06216E63E22001EB8CF /* NSObject+SBJSON.m */ = {isa = PBXFileReference; fileEncoding = 4; lastKnownFileType = sourcecode.c.objc; path = "NSObject+SBJSON.m"; sourceTree = "<group>"; };
		1859A06316E63E22001EB8CF /* NSString+SBJSON.h */ = {isa = PBXFileReference; fileEncoding = 4; lastKnownFileType = sourcecode.c.h; path = "NSString+SBJSON.h"; sourceTree = "<group>"; };
		1859A06416E63E22001EB8CF /* NSString+SBJSON.m */ = {isa = PBXFileReference; fileEncoding = 4; lastKnownFileType = sourcecode.c.objc; path = "NSString+SBJSON.m"; sourceTree = "<group>"; };
		1859A06516E63E22001EB8CF /* SBJSON.h */ = {isa = PBXFileReference; fileEncoding = 4; lastKnownFileType = sourcecode.c.h; path = SBJSON.h; sourceTree = "<group>"; };
		1859A06616E63E22001EB8CF /* SBJSON.m */ = {isa = PBXFileReference; fileEncoding = 4; lastKnownFileType = sourcecode.c.objc; path = SBJSON.m; sourceTree = "<group>"; };
		1859A06716E63E22001EB8CF /* SBJsonBase.h */ = {isa = PBXFileReference; fileEncoding = 4; lastKnownFileType = sourcecode.c.h; path = SBJsonBase.h; sourceTree = "<group>"; };
		1859A06816E63E22001EB8CF /* SBJsonBase.m */ = {isa = PBXFileReference; fileEncoding = 4; lastKnownFileType = sourcecode.c.objc; path = SBJsonBase.m; sourceTree = "<group>"; };
		1859A06916E63E22001EB8CF /* SBJsonParser.h */ = {isa = PBXFileReference; fileEncoding = 4; lastKnownFileType = sourcecode.c.h; path = SBJsonParser.h; sourceTree = "<group>"; };
		1859A06A16E63E22001EB8CF /* SBJsonParser.m */ = {isa = PBXFileReference; fileEncoding = 4; lastKnownFileType = sourcecode.c.objc; path = SBJsonParser.m; sourceTree = "<group>"; };
		1859A06B16E63E22001EB8CF /* SBJsonStreamParser.h */ = {isa = PBXFileReference; fileEncoding = 4; lastKnownFileType = sourcecode.c.h; path = SBJsonStreamParser.h; sourceTree = "<group>"; };
		1859A06C16E63E22001EB8CF /* SBJsonStreamParser.m */ = {isa = PBXFileReference; fileEncoding = 4; lastKnownFileType = sourcecode.c.objc; path = SBJsonStreamParser.m; sourceTree = "<group>"; };
		1859A06D16E63E22001EB8CF /* SBJsonStreamParserAccumulator.h */ = {isa = PBXFileReference; fileEncoding = 4; lastKnownFileType = sourcecode.c.h; path = SBJsonStreamParserAccumulator.h; sourceTree = "<group>"; };
		1859A06E16E63E22001EB8CF /* SBJsonStreamParserAccumulator.m */ = {isa = PBXFileReference; fileEncoding = 4; lastKnownFileType = sourcecode.c.objc; path = SBJsonStreamParserAccumulator.m; sourceTree = "<group>"; };
		1859A06F16E63E22001EB8CF /* SBJsonStreamParserAdapter.h */ = {isa = PBXFileReference; fileEncoding = 4; lastKnownFileType = sourcecode.c.h; path = SBJsonStreamParserAdapter.h; sourceTree = "<group>"; };
		1859A07016E63E22001EB8CF /* SBJsonStreamParserAdapter.m */ = {isa = PBXFileReference; fileEncoding = 4; lastKnownFileType = sourcecode.c.objc; path = SBJsonStreamParserAdapter.m; sourceTree = "<group>"; };
		1859A07116E63E22001EB8CF /* SBJsonStreamParserState.h */ = {isa = PBXFileReference; fileEncoding = 4; lastKnownFileType = sourcecode.c.h; path = SBJsonStreamParserState.h; sourceTree = "<group>"; };
		1859A07216E63E22001EB8CF /* SBJsonStreamParserState.m */ = {isa = PBXFileReference; fileEncoding = 4; lastKnownFileType = sourcecode.c.objc; path = SBJsonStreamParserState.m; sourceTree = "<group>"; };
		1859A07316E63E22001EB8CF /* SBJsonStreamWriter.h */ = {isa = PBXFileReference; fileEncoding = 4; lastKnownFileType = sourcecode.c.h; path = SBJsonStreamWriter.h; sourceTree = "<group>"; };
		1859A07416E63E22001EB8CF /* SBJsonStreamWriter.m */ = {isa = PBXFileReference; fileEncoding = 4; lastKnownFileType = sourcecode.c.objc; path = SBJsonStreamWriter.m; sourceTree = "<group>"; };
		1859A07516E63E22001EB8CF /* SBJsonStreamWriterAccumulator.h */ = {isa = PBXFileReference; fileEncoding = 4; lastKnownFileType = sourcecode.c.h; path = SBJsonStreamWriterAccumulator.h; sourceTree = "<group>"; };
		1859A07616E63E22001EB8CF /* SBJsonStreamWriterAccumulator.m */ = {isa = PBXFileReference; fileEncoding = 4; lastKnownFileType = sourcecode.c.objc; path = SBJsonStreamWriterAccumulator.m; sourceTree = "<group>"; };
		1859A07716E63E22001EB8CF /* SBJsonStreamWriterState.h */ = {isa = PBXFileReference; fileEncoding = 4; lastKnownFileType = sourcecode.c.h; path = SBJsonStreamWriterState.h; sourceTree = "<group>"; };
		1859A07816E63E22001EB8CF /* SBJsonStreamWriterState.m */ = {isa = PBXFileReference; fileEncoding = 4; lastKnownFileType = sourcecode.c.objc; path = SBJsonStreamWriterState.m; sourceTree = "<group>"; };
		1859A07916E63E22001EB8CF /* SBJsonTokeniser.h */ = {isa = PBXFileReference; fileEncoding = 4; lastKnownFileType = sourcecode.c.h; path = SBJsonTokeniser.h; sourceTree = "<group>"; };
		1859A07A16E63E22001EB8CF /* SBJsonTokeniser.m */ = {isa = PBXFileReference; fileEncoding = 4; lastKnownFileType = sourcecode.c.objc; path = SBJsonTokeniser.m; sourceTree = "<group>"; };
		1859A07B16E63E22001EB8CF /* SBJsonUTF8Stream.h */ = {isa = PBXFileReference; fileEncoding = 4; lastKnownFileType = sourcecode.c.h; path = SBJsonUTF8Stream.h; sourceTree = "<group>"; };
		1859A07C16E63E22001EB8CF /* SBJsonUTF8Stream.m */ = {isa = PBXFileReference; fileEncoding = 4; lastKnownFileType = sourcecode.c.objc; path = SBJsonUTF8Stream.m; sourceTree = "<group>"; };
		1859A07D16E63E22001EB8CF /* SBJsonWriter.h */ = {isa = PBXFileReference; fileEncoding = 4; lastKnownFileType = sourcecode.c.h; path = SBJsonWriter.h; sourceTree = "<group>"; };
		1859A07E16E63E22001EB8CF /* SBJsonWriter.m */ = {isa = PBXFileReference; fileEncoding = 4; lastKnownFileType = sourcecode.c.objc; path = SBJsonWriter.m; sourceTree = "<group>"; };
		1859A08016E63E22001EB8CF /* LICENSE */ = {isa = PBXFileReference; fileEncoding = 4; lastKnownFileType = text; path = LICENSE; sourceTree = "<group>"; };
		1859A08116E63E22001EB8CF /* README.md */ = {isa = PBXFileReference; fileEncoding = 4; lastKnownFileType = text; path = README.md; sourceTree = "<group>"; };
		1859A08216E63E22001EB8CF /* SDImageCache.h */ = {isa = PBXFileReference; fileEncoding = 4; lastKnownFileType = sourcecode.c.h; path = SDImageCache.h; sourceTree = "<group>"; };
		1859A08316E63E22001EB8CF /* SDImageCache.m */ = {isa = PBXFileReference; fileEncoding = 4; lastKnownFileType = sourcecode.c.objc; path = SDImageCache.m; sourceTree = "<group>"; };
		1859A08416E63E22001EB8CF /* SDImageCacheDelegate.h */ = {isa = PBXFileReference; fileEncoding = 4; lastKnownFileType = sourcecode.c.h; path = SDImageCacheDelegate.h; sourceTree = "<group>"; };
		1859A08516E63E22001EB8CF /* SDWebImageCompat.h */ = {isa = PBXFileReference; fileEncoding = 4; lastKnownFileType = sourcecode.c.h; path = SDWebImageCompat.h; sourceTree = "<group>"; };
		1859A08616E63E22001EB8CF /* SDWebImageDownloader.h */ = {isa = PBXFileReference; fileEncoding = 4; lastKnownFileType = sourcecode.c.h; path = SDWebImageDownloader.h; sourceTree = "<group>"; };
		1859A08716E63E22001EB8CF /* SDWebImageDownloader.m */ = {isa = PBXFileReference; fileEncoding = 4; lastKnownFileType = sourcecode.c.objc; path = SDWebImageDownloader.m; sourceTree = "<group>"; };
		1859A08816E63E22001EB8CF /* SDWebImageDownloaderDelegate.h */ = {isa = PBXFileReference; fileEncoding = 4; lastKnownFileType = sourcecode.c.h; path = SDWebImageDownloaderDelegate.h; sourceTree = "<group>"; };
		1859A08916E63E22001EB8CF /* SDWebImageManager.h */ = {isa = PBXFileReference; fileEncoding = 4; lastKnownFileType = sourcecode.c.h; path = SDWebImageManager.h; sourceTree = "<group>"; };
		1859A08A16E63E22001EB8CF /* SDWebImageManager.m */ = {isa = PBXFileReference; fileEncoding = 4; lastKnownFileType = sourcecode.c.objc; path = SDWebImageManager.m; sourceTree = "<group>"; };
		1859A08B16E63E22001EB8CF /* SDWebImageManagerDelegate.h */ = {isa = PBXFileReference; fileEncoding = 4; lastKnownFileType = sourcecode.c.h; path = SDWebImageManagerDelegate.h; sourceTree = "<group>"; };
		1859A08C16E63E22001EB8CF /* UIButton+WebCache.h */ = {isa = PBXFileReference; fileEncoding = 4; lastKnownFileType = sourcecode.c.h; path = "UIButton+WebCache.h"; sourceTree = "<group>"; };
		1859A08D16E63E22001EB8CF /* UIButton+WebCache.m */ = {isa = PBXFileReference; fileEncoding = 4; lastKnownFileType = sourcecode.c.objc; path = "UIButton+WebCache.m"; sourceTree = "<group>"; };
		1859A08E16E63E22001EB8CF /* UIImageView+WebCache.h */ = {isa = PBXFileReference; fileEncoding = 4; lastKnownFileType = sourcecode.c.h; path = "UIImageView+WebCache.h"; sourceTree = "<group>"; };
		1859A08F16E63E22001EB8CF /* UIImageView+WebCache.m */ = {isa = PBXFileReference; fileEncoding = 4; lastKnownFileType = sourcecode.c.objc; path = "UIImageView+WebCache.m"; sourceTree = "<group>"; };
		1859A15E16E63EB6001EB8CF /* APIRequester.h */ = {isa = PBXFileReference; fileEncoding = 4; lastKnownFileType = sourcecode.c.h; path = APIRequester.h; sourceTree = "<group>"; };
		1859A15F16E63EB6001EB8CF /* APIRequester.m */ = {isa = PBXFileReference; fileEncoding = 4; lastKnownFileType = sourcecode.c.objc; path = APIRequester.m; sourceTree = "<group>"; };
		1859A16016E63EB6001EB8CF /* Define.h */ = {isa = PBXFileReference; fileEncoding = 4; lastKnownFileType = sourcecode.c.h; path = Define.h; sourceTree = "<group>"; };
		1859A16116E63EB6001EB8CF /* SupportFunction.h */ = {isa = PBXFileReference; fileEncoding = 4; lastKnownFileType = sourcecode.c.h; path = SupportFunction.h; sourceTree = "<group>"; };
		1859A16216E63EB6001EB8CF /* SupportFunction.m */ = {isa = PBXFileReference; fileEncoding = 4; lastKnownFileType = sourcecode.c.objc; path = SupportFunction.m; sourceTree = "<group>"; };
		1859A16316E63EB6001EB8CF /* TouchedGestureRecognizer.h */ = {isa = PBXFileReference; fileEncoding = 4; lastKnownFileType = sourcecode.c.h; path = TouchedGestureRecognizer.h; sourceTree = "<group>"; };
		1859A16416E63EB6001EB8CF /* TouchedGestureRecognizer.m */ = {isa = PBXFileReference; fileEncoding = 4; lastKnownFileType = sourcecode.c.objc; path = TouchedGestureRecognizer.m; sourceTree = "<group>"; };
		1859A16516E63EB6001EB8CF /* TTTAttributedLabel.h */ = {isa = PBXFileReference; fileEncoding = 4; lastKnownFileType = sourcecode.c.h; path = TTTAttributedLabel.h; sourceTree = "<group>"; };
		1859A16616E63EB6001EB8CF /* TTTAttributedLabel.m */ = {isa = PBXFileReference; fileEncoding = 4; lastKnownFileType = sourcecode.c.objc; path = TTTAttributedLabel.m; sourceTree = "<group>"; };
		1859A16716E63EB6001EB8CF /* UIImageExtension.h */ = {isa = PBXFileReference; fileEncoding = 4; lastKnownFileType = sourcecode.c.h; path = UIImageExtension.h; sourceTree = "<group>"; };
		1859A16816E63EB6001EB8CF /* UIImageExtension.m */ = {isa = PBXFileReference; fileEncoding = 4; lastKnownFileType = sourcecode.c.objc; path = UIImageExtension.m; sourceTree = "<group>"; };
		1859A16916E63EB6001EB8CF /* Utilities.h */ = {isa = PBXFileReference; fileEncoding = 4; lastKnownFileType = sourcecode.c.h; path = Utilities.h; sourceTree = "<group>"; };
		1859A16A16E63EB6001EB8CF /* Utilities.m */ = {isa = PBXFileReference; fileEncoding = 4; lastKnownFileType = sourcecode.c.objc; path = Utilities.m; sourceTree = "<group>"; };
		1859A17216E6403F001EB8CF /* libxml2.2.dylib */ = {isa = PBXFileReference; lastKnownFileType = "compiled.mach-o.dylib"; name = libxml2.2.dylib; path = usr/lib/libxml2.2.dylib; sourceTree = SDKROOT; };
		1859A17316E6403F001EB8CF /* libxml2.dylib */ = {isa = PBXFileReference; lastKnownFileType = "compiled.mach-o.dylib"; name = libxml2.dylib; path = usr/lib/libxml2.dylib; sourceTree = SDKROOT; };
		1859A17616E64065001EB8CF /* libz.dylib */ = {isa = PBXFileReference; lastKnownFileType = "compiled.mach-o.dylib"; name = libz.dylib; path = usr/lib/libz.dylib; sourceTree = SDKROOT; };
		1859A17816E641A1001EB8CF /* CFNetwork.framework */ = {isa = PBXFileReference; lastKnownFileType = wrapper.framework; name = CFNetwork.framework; path = System/Library/Frameworks/CFNetwork.framework; sourceTree = SDKROOT; };
		1859A17A16E641C6001EB8CF /* CoreText.framework */ = {isa = PBXFileReference; lastKnownFileType = wrapper.framework; name = CoreText.framework; path = System/Library/Frameworks/CoreText.framework; sourceTree = SDKROOT; };
		1859A17C16E641E2001EB8CF /* SystemConfiguration.framework */ = {isa = PBXFileReference; lastKnownFileType = wrapper.framework; name = SystemConfiguration.framework; path = System/Library/Frameworks/SystemConfiguration.framework; sourceTree = SDKROOT; };
		1859A17E16E641FB001EB8CF /* MobileCoreServices.framework */ = {isa = PBXFileReference; lastKnownFileType = wrapper.framework; name = MobileCoreServices.framework; path = System/Library/Frameworks/MobileCoreServices.framework; sourceTree = SDKROOT; };
		18653C9716F76B1000849ACA /* arrest.png */ = {isa = PBXFileReference; lastKnownFileType = image.png; path = arrest.png; sourceTree = "<group>"; };
		18BFB1D416F8B299009ED31E /* iATM_DB.xcdatamodel */ = {isa = PBXFileReference; lastKnownFileType = wrapper.xcdatamodel; path = iATM_DB.xcdatamodel; sourceTree = "<group>"; };
		18BFB1DC16F8BE67009ED31E /* CoreData.framework */ = {isa = PBXFileReference; lastKnownFileType = wrapper.framework; name = CoreData.framework; path = System/Library/Frameworks/CoreData.framework; sourceTree = SDKROOT; };
		18BFB1E116F8C717009ED31E /* BankInfosModule.h */ = {isa = PBXFileReference; fileEncoding = 4; lastKnownFileType = sourcecode.c.h; path = BankInfosModule.h; sourceTree = "<group>"; };
		18BFB1E216F8C717009ED31E /* BankInfosModule.m */ = {isa = PBXFileReference; fileEncoding = 4; lastKnownFileType = sourcecode.c.objc; path = BankInfosModule.m; sourceTree = "<group>"; };
		2C638B3016ED9661009CE242 /* BankItem.h */ = {isa = PBXFileReference; fileEncoding = 4; lastKnownFileType = sourcecode.c.h; path = BankItem.h; sourceTree = "<group>"; };
		2C638B3116ED9661009CE242 /* BankItem.m */ = {isa = PBXFileReference; fileEncoding = 4; lastKnownFileType = sourcecode.c.objc; path = BankItem.m; sourceTree = "<group>"; };
		2C87028A16E98F3700302E17 /* AppDelegate.h */ = {isa = PBXFileReference; fileEncoding = 4; lastKnownFileType = sourcecode.c.h; path = AppDelegate.h; sourceTree = "<group>"; };
		2C87028B16E98F3700302E17 /* AppDelegate.m */ = {isa = PBXFileReference; fileEncoding = 4; lastKnownFileType = sourcecode.c.objc; path = AppDelegate.m; sourceTree = "<group>"; };
		2C87028C16E98F3700302E17 /* AppViewController.h */ = {isa = PBXFileReference; fileEncoding = 4; lastKnownFileType = sourcecode.c.h; path = AppViewController.h; sourceTree = "<group>"; };
		2C87028D16E98F3700302E17 /* AppViewController.m */ = {isa = PBXFileReference; fileEncoding = 4; lastKnownFileType = sourcecode.c.objc; path = AppViewController.m; sourceTree = "<group>"; };
		2C87028E16E98F3700302E17 /* ViewController.h */ = {isa = PBXFileReference; fileEncoding = 4; lastKnownFileType = sourcecode.c.h; path = ViewController.h; sourceTree = "<group>"; };
		2C87028F16E98F3700302E17 /* ViewController.m */ = {isa = PBXFileReference; fileEncoding = 4; lastKnownFileType = sourcecode.c.objc; path = ViewController.m; sourceTree = "<group>"; };
		2CDAC563170E82D10096A939 /* BBCell.h */ = {isa = PBXFileReference; fileEncoding = 4; lastKnownFileType = sourcecode.c.h; path = BBCell.h; sourceTree = "<group>"; };
		2CDAC564170E82D10096A939 /* BBCell.m */ = {isa = PBXFileReference; fileEncoding = 4; lastKnownFileType = sourcecode.c.objc; path = BBCell.m; sourceTree = "<group>"; };
		2CDAC565170E82D10096A939 /* BBTableView.h */ = {isa = PBXFileReference; fileEncoding = 4; lastKnownFileType = sourcecode.c.h; path = BBTableView.h; sourceTree = "<group>"; };
		2CDAC566170E82D10096A939 /* BBTableView.m */ = {isa = PBXFileReference; fileEncoding = 4; lastKnownFileType = sourcecode.c.objc; path = BBTableView.m; sourceTree = "<group>"; };
		2CDAC568170E82D10096A939 /* BBTableViewInterceptor.h */ = {isa = PBXFileReference; fileEncoding = 4; lastKnownFileType = sourcecode.c.h; path = BBTableViewInterceptor.h; sourceTree = "<group>"; };
		2CDAC569170E82D10096A939 /* BBTableViewInterceptor.m */ = {isa = PBXFileReference; fileEncoding = 4; lastKnownFileType = sourcecode.c.objc; path = BBTableViewInterceptor.m; sourceTree = "<group>"; };
		2CDAC56E170E8BE20096A939 /* vietcombank.png */ = {isa = PBXFileReference; lastKnownFileType = image.png; path = vietcombank.png; sourceTree = "<group>"; };
		2CDB13B216E83AC1005D4598 /* Default-568h@2x.png */ = {isa = PBXFileReference; lastKnownFileType = image.png; path = "Default-568h@2x.png"; sourceTree = "<group>"; };
		2CDB13B316E83AC1005D4598 /* Default.png */ = {isa = PBXFileReference; lastKnownFileType = image.png; path = Default.png; sourceTree = "<group>"; };
		2CDB13B416E83AC1005D4598 /* Default@2x.png */ = {isa = PBXFileReference; lastKnownFileType = image.png; path = "Default@2x.png"; sourceTree = "<group>"; };
		AABDA1F916FDFA3600A52F5D /* fakeLoc.gpx */ = {isa = PBXFileReference; fileEncoding = 4; lastKnownFileType = text.xml; path = fakeLoc.gpx; sourceTree = "<group>"; };
/* End PBXFileReference section */

/* Begin PBXFrameworksBuildPhase section */
		18202B8C16E630090042F0C1 /* Frameworks */ = {
			isa = PBXFrameworksBuildPhase;
			buildActionMask = 2147483647;
			files = (
				18BFB1DD16F8BE67009ED31E /* CoreData.framework in Frameworks */,
				1859A17F16E641FB001EB8CF /* MobileCoreServices.framework in Frameworks */,
				1859A17D16E641E2001EB8CF /* SystemConfiguration.framework in Frameworks */,
				1859A17B16E641C6001EB8CF /* CoreText.framework in Frameworks */,
				1859A17916E641A1001EB8CF /* CFNetwork.framework in Frameworks */,
				1859A17716E64065001EB8CF /* libz.dylib in Frameworks */,
				1859A17416E6403F001EB8CF /* libxml2.2.dylib in Frameworks */,
				1859A17516E6403F001EB8CF /* libxml2.dylib in Frameworks */,
				18202BC216E632A20042F0C1 /* QuartzCore.framework in Frameworks */,
				18202BC016E6329B0042F0C1 /* CoreLocation.framework in Frameworks */,
				18202BBE16E632710042F0C1 /* MapKit.framework in Frameworks */,
				18202B9416E6300A0042F0C1 /* UIKit.framework in Frameworks */,
				18202B9616E6300A0042F0C1 /* Foundation.framework in Frameworks */,
				18202B9816E6300A0042F0C1 /* CoreGraphics.framework in Frameworks */,
			);
			runOnlyForDeploymentPostprocessing = 0;
		};
/* End PBXFrameworksBuildPhase section */

/* Begin PBXGroup section */
		18202B8416E630090042F0C1 = {
			isa = PBXGroup;
			children = (
				AABDA1F916FDFA3600A52F5D /* fakeLoc.gpx */,
				18202B9916E6300A0042F0C1 /* iATM */,
				18202B9216E6300A0042F0C1 /* Frameworks */,
				18202B9016E6300A0042F0C1 /* Products */,
			);
			sourceTree = "<group>";
		};
		18202B9016E6300A0042F0C1 /* Products */ = {
			isa = PBXGroup;
			children = (
				18202B8F16E6300A0042F0C1 /* iATM.app */,
			);
			name = Products;
			sourceTree = "<group>";
		};
		18202B9216E6300A0042F0C1 /* Frameworks */ = {
			isa = PBXGroup;
			children = (
				18BFB1DC16F8BE67009ED31E /* CoreData.framework */,
				1859A17E16E641FB001EB8CF /* MobileCoreServices.framework */,
				1859A17C16E641E2001EB8CF /* SystemConfiguration.framework */,
				1859A17A16E641C6001EB8CF /* CoreText.framework */,
				1859A17816E641A1001EB8CF /* CFNetwork.framework */,
				1859A17616E64065001EB8CF /* libz.dylib */,
				1859A17216E6403F001EB8CF /* libxml2.2.dylib */,
				1859A17316E6403F001EB8CF /* libxml2.dylib */,
				18202BC116E632A20042F0C1 /* QuartzCore.framework */,
				18202BBF16E6329B0042F0C1 /* CoreLocation.framework */,
				18202BBD16E632710042F0C1 /* MapKit.framework */,
				18202B9316E6300A0042F0C1 /* UIKit.framework */,
				18202B9516E6300A0042F0C1 /* Foundation.framework */,
				18202B9716E6300A0042F0C1 /* CoreGraphics.framework */,
			);
			name = Frameworks;
			sourceTree = "<group>";
		};
		18202B9916E6300A0042F0C1 /* iATM */ = {
			isa = PBXGroup;
			children = (
				2CDB13AC16E83AC1005D4598 /* 01_SOURCES */,
				2CDB13B116E83AC1005D4598 /* 03_RESOURCES */,
				1859A15D16E63EB6001EB8CF /* 04_SUPPORT */,
				1859A00616E63E22001EB8CF /* 02_LIBS */,
				18202BAB16E6300A0042F0C1 /* MainStoryboard.storyboard */,
				18202B9A16E6300A0042F0C1 /* Supporting Files */,
			);
			path = iATM;
			sourceTree = "<group>";
		};
		18202B9A16E6300A0042F0C1 /* Supporting Files */ = {
			isa = PBXGroup;
			children = (
				18202B9B16E6300A0042F0C1 /* iATM-Info.plist */,
				18202B9C16E6300A0042F0C1 /* InfoPlist.strings */,
				18202B9F16E6300A0042F0C1 /* main.m */,
				18202BA116E6300A0042F0C1 /* iATM-Prefix.pch */,
			);
			name = "Supporting Files";
			sourceTree = "<group>";
		};
		1859A00616E63E22001EB8CF /* 02_LIBS */ = {
			isa = PBXGroup;
			children = (
				2CDAC561170E82D10096A939 /* BBTableView */,
				1859A00716E63E22001EB8CF /* ASIHTTP */,
				1859A01E16E63E22001EB8CF /* FACEBOOK */,
				1859A03316E63E22001EB8CF /* FontLabel */,
				1859A03F16E63E22001EB8CF /* GOOGLE MAP */,
				1859A04E16E63E22001EB8CF /* Google Map Api */,
				1859A05F16E63E22001EB8CF /* JSON */,
				1859A07F16E63E22001EB8CF /* SD_WEBIMAGE */,
			);
			path = 02_LIBS;
			sourceTree = "<group>";
		};
		1859A00716E63E22001EB8CF /* ASIHTTP */ = {
			isa = PBXGroup;
			children = (
				1859A00816E63E22001EB8CF /* ASIAuthenticationDialog.h */,
				1859A00916E63E22001EB8CF /* ASIAuthenticationDialog.m */,
				1859A00A16E63E22001EB8CF /* ASICacheDelegate.h */,
				1859A00B16E63E22001EB8CF /* ASIDataCompressor.h */,
				1859A00C16E63E22001EB8CF /* ASIDataCompressor.m */,
				1859A00D16E63E22001EB8CF /* ASIDataDecompressor.h */,
				1859A00E16E63E22001EB8CF /* ASIDataDecompressor.m */,
				1859A00F16E63E22001EB8CF /* ASIDownloadCache.h */,
				1859A01016E63E22001EB8CF /* ASIDownloadCache.m */,
				1859A01116E63E22001EB8CF /* ASIFormDataRequest.h */,
				1859A01216E63E22001EB8CF /* ASIFormDataRequest.m */,
				1859A01316E63E22001EB8CF /* ASIHTTPRequest.h */,
				1859A01416E63E22001EB8CF /* ASIHTTPRequest.m */,
				1859A01516E63E22001EB8CF /* ASIHTTPRequestConfig.h */,
				1859A01616E63E22001EB8CF /* ASIHTTPRequestDelegate.h */,
				1859A01716E63E22001EB8CF /* ASIInputStream.h */,
				1859A01816E63E22001EB8CF /* ASIInputStream.m */,
				1859A01916E63E22001EB8CF /* ASINetworkQueue.h */,
				1859A01A16E63E22001EB8CF /* ASINetworkQueue.m */,
				1859A01B16E63E22001EB8CF /* ASIProgressDelegate.h */,
				1859A01C16E63E22001EB8CF /* Reachability.h */,
				1859A01D16E63E22001EB8CF /* Reachability.m */,
			);
			path = ASIHTTP;
			sourceTree = "<group>";
		};
		1859A01E16E63E22001EB8CF /* FACEBOOK */ = {
			isa = PBXGroup;
			children = (
				1859A01F16E63E22001EB8CF /* FBFunLoginDialog.h */,
				1859A02016E63E22001EB8CF /* FBFunLoginDialog.m */,
				1859A02116E63E22001EB8CF /* FBFunLoginDialog.xib */,
				1859A02216E63E22001EB8CF /* FBFunLoginManager.h */,
				1859A02316E63E22001EB8CF /* FBFunLoginManager.m */,
				1859A02416E63E22001EB8CF /* FBFunLoginManager.xib */,
				1859A02516E63E22001EB8CF /* HACKBOOK */,
			);
			path = FACEBOOK;
			sourceTree = "<group>";
		};
		1859A02516E63E22001EB8CF /* HACKBOOK */ = {
			isa = PBXGroup;
			children = (
				1859A02616E63E22001EB8CF /* Facebook.h */,
				1859A02716E63E22001EB8CF /* Facebook.m */,
				1859A02816E63E22001EB8CF /* FBConnect.h */,
				1859A02916E63E22001EB8CF /* FBDialog.bundle */,
				1859A02A16E63E22001EB8CF /* FBDialog.h */,
				1859A02B16E63E22001EB8CF /* FBDialog.m */,
				1859A02C16E63E22001EB8CF /* FBLoginDialog.h */,
				1859A02D16E63E22001EB8CF /* FBLoginDialog.m */,
				1859A02E16E63E22001EB8CF /* FBLoginManager.h */,
				1859A02F16E63E22001EB8CF /* FBLoginManager.m */,
				1859A03016E63E22001EB8CF /* FBLoginManager.xib */,
				1859A03116E63E22001EB8CF /* FBRequest.h */,
				1859A03216E63E22001EB8CF /* FBRequest.m */,
			);
			path = HACKBOOK;
			sourceTree = "<group>";
		};
		1859A03316E63E22001EB8CF /* FontLabel */ = {
			isa = PBXGroup;
			children = (
				1859A03416E63E22001EB8CF /* FontLabel.h */,
				1859A03516E63E22001EB8CF /* FontLabel.m */,
				1859A03616E63E22001EB8CF /* FontLabelStringDrawing.h */,
				1859A03716E63E22001EB8CF /* FontLabelStringDrawing.m */,
				1859A03816E63E22001EB8CF /* FontManager.h */,
				1859A03916E63E22001EB8CF /* FontManager.m */,
				1859A03A16E63E22001EB8CF /* ZAttributedString.h */,
				1859A03B16E63E22001EB8CF /* ZAttributedString.m */,
				1859A03C16E63E22001EB8CF /* ZAttributedStringPrivate.h */,
				1859A03D16E63E22001EB8CF /* ZFont.h */,
				1859A03E16E63E22001EB8CF /* ZFont.m */,
			);
			path = FontLabel;
			sourceTree = "<group>";
		};
		1859A03F16E63E22001EB8CF /* GOOGLE MAP */ = {
			isa = PBXGroup;
			children = (
				1859A04016E63E22001EB8CF /* api.html */,
				1859A04116E63E22001EB8CF /* Check Points */,
				1859A04216E63E22001EB8CF /* Google Map Controller */,
				1859A04316E63E22001EB8CF /* Model */,
				1859A04A16E63E22001EB8CF /* View */,
			);
			path = "GOOGLE MAP";
			sourceTree = "<group>";
		};
		1859A04116E63E22001EB8CF /* Check Points */ = {
			isa = PBXGroup;
			children = (
			);
			path = "Check Points";
			sourceTree = "<group>";
		};
		1859A04216E63E22001EB8CF /* Google Map Controller */ = {
			isa = PBXGroup;
			children = (
			);
			path = "Google Map Controller";
			sourceTree = "<group>";
		};
		1859A04316E63E22001EB8CF /* Model */ = {
			isa = PBXGroup;
			children = (
				1859A04416E63E22001EB8CF /* City */,
				1859A04716E63E22001EB8CF /* Route Annotations */,
			);
			path = Model;
			sourceTree = "<group>";
		};
		1859A04416E63E22001EB8CF /* City */ = {
			isa = PBXGroup;
			children = (
				1859A04516E63E22001EB8CF /* City.h */,
				1859A04616E63E22001EB8CF /* City.m */,
			);
			path = City;
			sourceTree = "<group>";
		};
		1859A04716E63E22001EB8CF /* Route Annotations */ = {
			isa = PBXGroup;
			children = (
				1859A04816E63E22001EB8CF /* SBRouteAnnotation.h */,
				1859A04916E63E22001EB8CF /* SBRouteAnnotation.m */,
			);
			path = "Route Annotations";
			sourceTree = "<group>";
		};
		1859A04A16E63E22001EB8CF /* View */ = {
			isa = PBXGroup;
			children = (
				1859A04B16E63E22001EB8CF /* MapView */,
			);
			path = View;
			sourceTree = "<group>";
		};
		1859A04B16E63E22001EB8CF /* MapView */ = {
			isa = PBXGroup;
			children = (
				1859A04C16E63E22001EB8CF /* SBMapView.h */,
				1859A04D16E63E22001EB8CF /* SBMapView.m */,
			);
			path = MapView;
			sourceTree = "<group>";
		};
		1859A04E16E63E22001EB8CF /* Google Map Api */ = {
			isa = PBXGroup;
			children = (
				1859A04F16E63E22001EB8CF /* JSONKit.h */,
				1859A05016E63E22001EB8CF /* JSONKit.m */,
				1859A05116E63E22001EB8CF /* UICGCheckPoint.h */,
				1859A05216E63E22001EB8CF /* UICGCheckPoint.m */,
				1859A05316E63E22001EB8CF /* UICGDirections.h */,
				1859A05416E63E22001EB8CF /* UICGDirections.m */,
				1859A05516E63E22001EB8CF /* UICGDirectionsOptions.h */,
				1859A05616E63E22001EB8CF /* UICGDirectionsOptions.m */,
				1859A05716E63E22001EB8CF /* UICGoogleMapsAPI.h */,
				1859A05816E63E22001EB8CF /* UICGoogleMapsAPI.m */,
				1859A05916E63E22001EB8CF /* UICGPolyline.h */,
				1859A05A16E63E22001EB8CF /* UICGPolyline.m */,
				1859A05B16E63E22001EB8CF /* UICGRoute.h */,
				1859A05C16E63E22001EB8CF /* UICGRoute.m */,
				1859A05D16E63E22001EB8CF /* UICGRoutes.h */,
				1859A05E16E63E22001EB8CF /* UICGRoutes.m */,
			);
			path = "Google Map Api";
			sourceTree = "<group>";
		};
		1859A05F16E63E22001EB8CF /* JSON */ = {
			isa = PBXGroup;
			children = (
				1859A06016E63E22001EB8CF /* JSON.h */,
				1859A06116E63E22001EB8CF /* NSObject+SBJSON.h */,
				1859A06216E63E22001EB8CF /* NSObject+SBJSON.m */,
				1859A06316E63E22001EB8CF /* NSString+SBJSON.h */,
				1859A06416E63E22001EB8CF /* NSString+SBJSON.m */,
				1859A06516E63E22001EB8CF /* SBJSON.h */,
				1859A06616E63E22001EB8CF /* SBJSON.m */,
				1859A06716E63E22001EB8CF /* SBJsonBase.h */,
				1859A06816E63E22001EB8CF /* SBJsonBase.m */,
				1859A06916E63E22001EB8CF /* SBJsonParser.h */,
				1859A06A16E63E22001EB8CF /* SBJsonParser.m */,
				1859A06B16E63E22001EB8CF /* SBJsonStreamParser.h */,
				1859A06C16E63E22001EB8CF /* SBJsonStreamParser.m */,
				1859A06D16E63E22001EB8CF /* SBJsonStreamParserAccumulator.h */,
				1859A06E16E63E22001EB8CF /* SBJsonStreamParserAccumulator.m */,
				1859A06F16E63E22001EB8CF /* SBJsonStreamParserAdapter.h */,
				1859A07016E63E22001EB8CF /* SBJsonStreamParserAdapter.m */,
				1859A07116E63E22001EB8CF /* SBJsonStreamParserState.h */,
				1859A07216E63E22001EB8CF /* SBJsonStreamParserState.m */,
				1859A07316E63E22001EB8CF /* SBJsonStreamWriter.h */,
				1859A07416E63E22001EB8CF /* SBJsonStreamWriter.m */,
				1859A07516E63E22001EB8CF /* SBJsonStreamWriterAccumulator.h */,
				1859A07616E63E22001EB8CF /* SBJsonStreamWriterAccumulator.m */,
				1859A07716E63E22001EB8CF /* SBJsonStreamWriterState.h */,
				1859A07816E63E22001EB8CF /* SBJsonStreamWriterState.m */,
				1859A07916E63E22001EB8CF /* SBJsonTokeniser.h */,
				1859A07A16E63E22001EB8CF /* SBJsonTokeniser.m */,
				1859A07B16E63E22001EB8CF /* SBJsonUTF8Stream.h */,
				1859A07C16E63E22001EB8CF /* SBJsonUTF8Stream.m */,
				1859A07D16E63E22001EB8CF /* SBJsonWriter.h */,
				1859A07E16E63E22001EB8CF /* SBJsonWriter.m */,
			);
			path = JSON;
			sourceTree = "<group>";
		};
		1859A07F16E63E22001EB8CF /* SD_WEBIMAGE */ = {
			isa = PBXGroup;
			children = (
				1859A08016E63E22001EB8CF /* LICENSE */,
				1859A08116E63E22001EB8CF /* README.md */,
				1859A08216E63E22001EB8CF /* SDImageCache.h */,
				1859A08316E63E22001EB8CF /* SDImageCache.m */,
				1859A08416E63E22001EB8CF /* SDImageCacheDelegate.h */,
				1859A08516E63E22001EB8CF /* SDWebImageCompat.h */,
				1859A08616E63E22001EB8CF /* SDWebImageDownloader.h */,
				1859A08716E63E22001EB8CF /* SDWebImageDownloader.m */,
				1859A08816E63E22001EB8CF /* SDWebImageDownloaderDelegate.h */,
				1859A08916E63E22001EB8CF /* SDWebImageManager.h */,
				1859A08A16E63E22001EB8CF /* SDWebImageManager.m */,
				1859A08B16E63E22001EB8CF /* SDWebImageManagerDelegate.h */,
				1859A08C16E63E22001EB8CF /* UIButton+WebCache.h */,
				1859A08D16E63E22001EB8CF /* UIButton+WebCache.m */,
				1859A08E16E63E22001EB8CF /* UIImageView+WebCache.h */,
				1859A08F16E63E22001EB8CF /* UIImageView+WebCache.m */,
			);
			path = SD_WEBIMAGE;
			sourceTree = "<group>";
		};
		1859A15D16E63EB6001EB8CF /* 04_SUPPORT */ = {
			isa = PBXGroup;
			children = (
				1859A15E16E63EB6001EB8CF /* APIRequester.h */,
				1859A15F16E63EB6001EB8CF /* APIRequester.m */,
				1859A16016E63EB6001EB8CF /* Define.h */,
				1859A16116E63EB6001EB8CF /* SupportFunction.h */,
				1859A16216E63EB6001EB8CF /* SupportFunction.m */,
				1859A16316E63EB6001EB8CF /* TouchedGestureRecognizer.h */,
				1859A16416E63EB6001EB8CF /* TouchedGestureRecognizer.m */,
				1859A16516E63EB6001EB8CF /* TTTAttributedLabel.h */,
				1859A16616E63EB6001EB8CF /* TTTAttributedLabel.m */,
				1859A16716E63EB6001EB8CF /* UIImageExtension.h */,
				1859A16816E63EB6001EB8CF /* UIImageExtension.m */,
				1859A16916E63EB6001EB8CF /* Utilities.h */,
				1859A16A16E63EB6001EB8CF /* Utilities.m */,
			);
			path = 04_SUPPORT;
			sourceTree = "<group>";
		};
		18BFB1D116F8B249009ED31E /* 02_DATA_MODEL */ = {
			isa = PBXGroup;
			children = (
				18BFB1E116F8C717009ED31E /* BankInfosModule.h */,
				18BFB1E216F8C717009ED31E /* BankInfosModule.m */,
				18BFB1D316F8B299009ED31E /* iATM_DB.xcdatamodeld */,
			);
			path = 02_DATA_MODEL;
			sourceTree = "<group>";
		};
		2C638B2F16ED95B7009CE242 /* OBJECTS */ = {
			isa = PBXGroup;
			children = (
				2C638B3016ED9661009CE242 /* BankItem.h */,
				2C638B3116ED9661009CE242 /* BankItem.m */,
			);
			path = OBJECTS;
			sourceTree = "<group>";
		};
		2C87028916E98F3700302E17 /* 01_MAIN */ = {
			isa = PBXGroup;
			children = (
				2C638B2F16ED95B7009CE242 /* OBJECTS */,
				2C87028A16E98F3700302E17 /* AppDelegate.h */,
				2C87028B16E98F3700302E17 /* AppDelegate.m */,
				2C87028C16E98F3700302E17 /* AppViewController.h */,
				2C87028D16E98F3700302E17 /* AppViewController.m */,
				2C87028E16E98F3700302E17 /* ViewController.h */,
				2C87028F16E98F3700302E17 /* ViewController.m */,
			);
			path = 01_MAIN;
			sourceTree = "<group>";
		};
		2CDAC561170E82D10096A939 /* BBTableView */ = {
			isa = PBXGroup;
			children = (
				2CDAC562170E82D10096A939 /* BBCell */,
				2CDAC565170E82D10096A939 /* BBTableView.h */,
				2CDAC566170E82D10096A939 /* BBTableView.m */,
				2CDAC567170E82D10096A939 /* Interceptor */,
			);
			path = BBTableView;
			sourceTree = "<group>";
		};
		2CDAC562170E82D10096A939 /* BBCell */ = {
			isa = PBXGroup;
			children = (
				2CDAC563170E82D10096A939 /* BBCell.h */,
				2CDAC564170E82D10096A939 /* BBCell.m */,
			);
			path = BBCell;
			sourceTree = "<group>";
		};
		2CDAC567170E82D10096A939 /* Interceptor */ = {
			isa = PBXGroup;
			children = (
				2CDAC568170E82D10096A939 /* BBTableViewInterceptor.h */,
				2CDAC569170E82D10096A939 /* BBTableViewInterceptor.m */,
			);
			path = Interceptor;
			sourceTree = "<group>";
		};
		2CDAC56D170E8BE20096A939 /* bank_icons */ = {
			isa = PBXGroup;
			children = (
				2CDAC56E170E8BE20096A939 /* vietcombank.png */,
			);
			path = bank_icons;
			sourceTree = "<group>";
		};
		2CDB13AC16E83AC1005D4598 /* 01_SOURCES */ = {
			isa = PBXGroup;
			children = (
				18BFB1D116F8B249009ED31E /* 02_DATA_MODEL */,
				2C87028916E98F3700302E17 /* 01_MAIN */,
			);
			path = 01_SOURCES;
			sourceTree = "<group>";
		};
		2CDB13B116E83AC1005D4598 /* 03_RESOURCES */ = {
			isa = PBXGroup;
			children = (
				2CDAC56D170E8BE20096A939 /* bank_icons */,
				18653C9716F76B1000849ACA /* arrest.png */,
				2CDB13B216E83AC1005D4598 /* Default-568h@2x.png */,
				2CDB13B316E83AC1005D4598 /* Default.png */,
				2CDB13B416E83AC1005D4598 /* Default@2x.png */,
			);
			path = 03_RESOURCES;
			sourceTree = "<group>";
		};
/* End PBXGroup section */

/* Begin PBXNativeTarget section */
		18202B8E16E630090042F0C1 /* iATM */ = {
			isa = PBXNativeTarget;
			buildConfigurationList = 18202BB316E6300A0042F0C1 /* Build configuration list for PBXNativeTarget "iATM" */;
			buildPhases = (
				18202B8B16E630090042F0C1 /* Sources */,
				18202B8C16E630090042F0C1 /* Frameworks */,
				18202B8D16E630090042F0C1 /* Resources */,
			);
			buildRules = (
			);
			dependencies = (
			);
			name = iATM;
			productName = iATM;
			productReference = 18202B8F16E6300A0042F0C1 /* iATM.app */;
			productType = "com.apple.product-type.application";
		};
/* End PBXNativeTarget section */

/* Begin PBXProject section */
		18202B8616E630090042F0C1 /* Project object */ = {
			isa = PBXProject;
			attributes = {
				LastUpgradeCheck = 0450;
				ORGANIZATIONNAME = "Tai Truong";
			};
			buildConfigurationList = 18202B8916E630090042F0C1 /* Build configuration list for PBXProject "iATM" */;
			compatibilityVersion = "Xcode 3.2";
			developmentRegion = English;
			hasScannedForEncodings = 0;
			knownRegions = (
				en,
			);
			mainGroup = 18202B8416E630090042F0C1;
			productRefGroup = 18202B9016E6300A0042F0C1 /* Products */;
			projectDirPath = "";
			projectRoot = "";
			targets = (
				18202B8E16E630090042F0C1 /* iATM */,
			);
		};
/* End PBXProject section */

/* Begin PBXResourcesBuildPhase section */
		18202B8D16E630090042F0C1 /* Resources */ = {
			isa = PBXResourcesBuildPhase;
			buildActionMask = 2147483647;
			files = (
				18202B9E16E6300A0042F0C1 /* InfoPlist.strings in Resources */,
				18202BAD16E6300A0042F0C1 /* MainStoryboard.storyboard in Resources */,
				1859A10116E63E22001EB8CF /* FBFunLoginDialog.xib in Resources */,
				1859A10316E63E22001EB8CF /* FBFunLoginManager.xib in Resources */,
				1859A10516E63E22001EB8CF /* FBDialog.bundle in Resources */,
				1859A10916E63E22001EB8CF /* FBLoginManager.xib in Resources */,
				1859A11016E63E22001EB8CF /* api.html in Resources */,
				1859A12B16E63E22001EB8CF /* LICENSE in Resources */,
				1859A12C16E63E22001EB8CF /* README.md in Resources */,
				2CDB13B716E83AC1005D4598 /* Default-568h@2x.png in Resources */,
				2CDB13B816E83AC1005D4598 /* Default.png in Resources */,
				2CDB13B916E83AC1005D4598 /* Default@2x.png in Resources */,
				18653C9816F76B1000849ACA /* arrest.png in Resources */,
				AABDA1FA16FDFA3600A52F5D /* fakeLoc.gpx in Resources */,
				2CDAC56F170E8BE20096A939 /* vietcombank.png in Resources */,
			);
			runOnlyForDeploymentPostprocessing = 0;
		};
/* End PBXResourcesBuildPhase section */

/* Begin PBXSourcesBuildPhase section */
		18202B8B16E630090042F0C1 /* Sources */ = {
			isa = PBXSourcesBuildPhase;
			buildActionMask = 2147483647;
			files = (
				18202BA016E6300A0042F0C1 /* main.m in Sources */,
				1859A0F716E63E22001EB8CF /* ASIAuthenticationDialog.m in Sources */,
				1859A0F816E63E22001EB8CF /* ASIDataCompressor.m in Sources */,
				1859A0F916E63E22001EB8CF /* ASIDataDecompressor.m in Sources */,
				1859A0FA16E63E22001EB8CF /* ASIDownloadCache.m in Sources */,
				1859A0FB16E63E22001EB8CF /* ASIFormDataRequest.m in Sources */,
				1859A0FC16E63E22001EB8CF /* ASIHTTPRequest.m in Sources */,
				1859A0FD16E63E22001EB8CF /* ASIInputStream.m in Sources */,
				1859A0FE16E63E22001EB8CF /* ASINetworkQueue.m in Sources */,
				1859A0FF16E63E22001EB8CF /* Reachability.m in Sources */,
				1859A10016E63E22001EB8CF /* FBFunLoginDialog.m in Sources */,
				1859A10216E63E22001EB8CF /* FBFunLoginManager.m in Sources */,
				1859A10416E63E22001EB8CF /* Facebook.m in Sources */,
				1859A10616E63E22001EB8CF /* FBDialog.m in Sources */,
				1859A10716E63E22001EB8CF /* FBLoginDialog.m in Sources */,
				1859A10816E63E22001EB8CF /* FBLoginManager.m in Sources */,
				1859A10A16E63E22001EB8CF /* FBRequest.m in Sources */,
				1859A10B16E63E22001EB8CF /* FontLabel.m in Sources */,
				1859A10C16E63E22001EB8CF /* FontLabelStringDrawing.m in Sources */,
				1859A10D16E63E22001EB8CF /* FontManager.m in Sources */,
				1859A10E16E63E22001EB8CF /* ZAttributedString.m in Sources */,
				1859A10F16E63E22001EB8CF /* ZFont.m in Sources */,
				1859A11116E63E22001EB8CF /* City.m in Sources */,
				1859A11216E63E22001EB8CF /* SBRouteAnnotation.m in Sources */,
				1859A11316E63E22001EB8CF /* SBMapView.m in Sources */,
				1859A11416E63E22001EB8CF /* JSONKit.m in Sources */,
				1859A11516E63E22001EB8CF /* UICGCheckPoint.m in Sources */,
				1859A11616E63E22001EB8CF /* UICGDirections.m in Sources */,
				1859A11716E63E22001EB8CF /* UICGDirectionsOptions.m in Sources */,
				1859A11816E63E22001EB8CF /* UICGoogleMapsAPI.m in Sources */,
				1859A11916E63E22001EB8CF /* UICGPolyline.m in Sources */,
				1859A11A16E63E22001EB8CF /* UICGRoute.m in Sources */,
				1859A11B16E63E22001EB8CF /* UICGRoutes.m in Sources */,
				1859A11C16E63E22001EB8CF /* NSObject+SBJSON.m in Sources */,
				1859A11D16E63E22001EB8CF /* NSString+SBJSON.m in Sources */,
				1859A11E16E63E22001EB8CF /* SBJSON.m in Sources */,
				1859A11F16E63E22001EB8CF /* SBJsonBase.m in Sources */,
				1859A12016E63E22001EB8CF /* SBJsonParser.m in Sources */,
				1859A12116E63E22001EB8CF /* SBJsonStreamParser.m in Sources */,
				1859A12216E63E22001EB8CF /* SBJsonStreamParserAccumulator.m in Sources */,
				1859A12316E63E22001EB8CF /* SBJsonStreamParserAdapter.m in Sources */,
				1859A12416E63E22001EB8CF /* SBJsonStreamParserState.m in Sources */,
				1859A12516E63E22001EB8CF /* SBJsonStreamWriter.m in Sources */,
				1859A12616E63E22001EB8CF /* SBJsonStreamWriterAccumulator.m in Sources */,
				1859A12716E63E22001EB8CF /* SBJsonStreamWriterState.m in Sources */,
				1859A12816E63E22001EB8CF /* SBJsonTokeniser.m in Sources */,
				1859A12916E63E22001EB8CF /* SBJsonUTF8Stream.m in Sources */,
				1859A12A16E63E22001EB8CF /* SBJsonWriter.m in Sources */,
				1859A12D16E63E22001EB8CF /* SDImageCache.m in Sources */,
				1859A12E16E63E22001EB8CF /* SDWebImageDownloader.m in Sources */,
				1859A12F16E63E22001EB8CF /* SDWebImageManager.m in Sources */,
				1859A13016E63E22001EB8CF /* UIButton+WebCache.m in Sources */,
				1859A13116E63E22001EB8CF /* UIImageView+WebCache.m in Sources */,
				1859A16B16E63EB6001EB8CF /* APIRequester.m in Sources */,
				1859A16C16E63EB6001EB8CF /* SupportFunction.m in Sources */,
				1859A16D16E63EB6001EB8CF /* TouchedGestureRecognizer.m in Sources */,
				1859A16E16E63EB6001EB8CF /* TTTAttributedLabel.m in Sources */,
				1859A16F16E63EB6001EB8CF /* UIImageExtension.m in Sources */,
				1859A17016E63EB6001EB8CF /* Utilities.m in Sources */,
				2C87029016E98F3700302E17 /* AppDelegate.m in Sources */,
				2C87029116E98F3700302E17 /* AppViewController.m in Sources */,
				2C87029216E98F3700302E17 /* ViewController.m in Sources */,
				2C638B3216ED9661009CE242 /* BankItem.m in Sources */,
				18BFB1D516F8B299009ED31E /* iATM_DB.xcdatamodeld in Sources */,
				18BFB1E316F8C717009ED31E /* BankInfosModule.m in Sources */,
				2CDAC56A170E82D10096A939 /* BBCell.m in Sources */,
				2CDAC56B170E82D10096A939 /* BBTableView.m in Sources */,
				2CDAC56C170E82D10096A939 /* BBTableViewInterceptor.m in Sources */,
			);
			runOnlyForDeploymentPostprocessing = 0;
		};
/* End PBXSourcesBuildPhase section */

/* Begin PBXVariantGroup section */
		18202B9C16E6300A0042F0C1 /* InfoPlist.strings */ = {
			isa = PBXVariantGroup;
			children = (
				18202B9D16E6300A0042F0C1 /* en */,
			);
			name = InfoPlist.strings;
			sourceTree = "<group>";
		};
		18202BAB16E6300A0042F0C1 /* MainStoryboard.storyboard */ = {
			isa = PBXVariantGroup;
			children = (
				18202BAC16E6300A0042F0C1 /* en */,
			);
			name = MainStoryboard.storyboard;
			sourceTree = "<group>";
		};
/* End PBXVariantGroup section */

/* Begin XCBuildConfiguration section */
		18202BB116E6300A0042F0C1 /* Debug */ = {
			isa = XCBuildConfiguration;
			buildSettings = {
				ALWAYS_SEARCH_USER_PATHS = NO;
				CLANG_CXX_LANGUAGE_STANDARD = "gnu++0x";
				CLANG_CXX_LIBRARY = "libc++";
				CLANG_ENABLE_OBJC_ARC = YES;
				CLANG_WARN_EMPTY_BODY = YES;
				CLANG_WARN__DUPLICATE_METHOD_MATCH = YES;
				"CODE_SIGN_IDENTITY[sdk=iphoneos*]" = "iPhone Developer";
				COPY_PHASE_STRIP = NO;
				GCC_C_LANGUAGE_STANDARD = gnu99;
				GCC_DYNAMIC_NO_PIC = NO;
				GCC_OPTIMIZATION_LEVEL = 0;
				GCC_PREPROCESSOR_DEFINITIONS = (
					"DEBUG=1",
					"$(inherited)",
				);
				GCC_SYMBOLS_PRIVATE_EXTERN = NO;
				GCC_WARN_ABOUT_RETURN_TYPE = YES;
				GCC_WARN_UNINITIALIZED_AUTOS = YES;
				GCC_WARN_UNUSED_VARIABLE = YES;
				IPHONEOS_DEPLOYMENT_TARGET = 6.0;
				ONLY_ACTIVE_ARCH = YES;
				SDKROOT = iphoneos;
			};
			name = Debug;
		};
		18202BB216E6300A0042F0C1 /* Release */ = {
			isa = XCBuildConfiguration;
			buildSettings = {
				ALWAYS_SEARCH_USER_PATHS = NO;
				CLANG_CXX_LANGUAGE_STANDARD = "gnu++0x";
				CLANG_CXX_LIBRARY = "libc++";
				CLANG_ENABLE_OBJC_ARC = YES;
				CLANG_WARN_EMPTY_BODY = YES;
				CLANG_WARN__DUPLICATE_METHOD_MATCH = YES;
				"CODE_SIGN_IDENTITY[sdk=iphoneos*]" = "iPhone Developer";
				COPY_PHASE_STRIP = YES;
				GCC_C_LANGUAGE_STANDARD = gnu99;
				GCC_WARN_ABOUT_RETURN_TYPE = YES;
				GCC_WARN_UNINITIALIZED_AUTOS = YES;
				GCC_WARN_UNUSED_VARIABLE = YES;
				IPHONEOS_DEPLOYMENT_TARGET = 6.0;
				OTHER_CFLAGS = "-DNS_BLOCK_ASSERTIONS=1";
				SDKROOT = iphoneos;
				VALIDATE_PRODUCT = YES;
			};
			name = Release;
		};
		18202BB416E6300A0042F0C1 /* Debug */ = {
			isa = XCBuildConfiguration;
			buildSettings = {
				"CODE_SIGN_IDENTITY[sdk=iphoneos*]" = "iPhone Developer";
				GCC_PRECOMPILE_PREFIX_HEADER = YES;
				GCC_PREFIX_HEADER = "iATM/iATM-Prefix.pch";
				"GCC_PREPROCESSOR_DEFINITIONS[arch=*]" = (
					"DEBUG=1",
					"$(inherited)",
					_DEBUG_DEV,
				);
				HEADER_SEARCH_PATHS = (
					"$(SDKROOT)/usr/include/libxml2",
					"${SDK_DIR}/usr/include/libxml2",
					/usr/include/libxml2,
				);
				INFOPLIST_FILE = "iATM/iATM-Info.plist";
				IPHONEOS_DEPLOYMENT_TARGET = 5.1;
				LIBRARY_SEARCH_PATHS = (
					"$(inherited)",
					"\"$(SRCROOT)/iATM/02_LIBS/TWITTER/Libraries & Headers\"",
				);
				PRODUCT_NAME = "$(TARGET_NAME)";
				"PROVISIONING_PROFILE[sdk=iphoneos*]" = "";
				WRAPPER_EXTENSION = app;
			};
			name = Debug;
		};
		18202BB516E6300A0042F0C1 /* Release */ = {
			isa = XCBuildConfiguration;
			buildSettings = {
				"CODE_SIGN_IDENTITY[sdk=iphoneos*]" = "iPhone Distribution: Vu Trong";
				GCC_PRECOMPILE_PREFIX_HEADER = YES;
				GCC_PREFIX_HEADER = "iATM/iATM-Prefix.pch";
				"GCC_PREPROCESSOR_DEFINITIONS[arch=*]" = _RELEASE_DEV;
				HEADER_SEARCH_PATHS = (
					/usr/include/libxml2,
					"${SDK_DIR}/usr/include/libxml2",
					"$(SDKROOT)/usr/include/libxml2",
				);
				INFOPLIST_FILE = "iATM/iATM-Info.plist";
				IPHONEOS_DEPLOYMENT_TARGET = 5.1;
				LIBRARY_SEARCH_PATHS = (
					"$(inherited)",
					"\"$(SRCROOT)/iATM/02_LIBS/TWITTER/Libraries & Headers\"",
				);
				PRODUCT_NAME = "$(TARGET_NAME)";
				"PROVISIONING_PROFILE[sdk=iphoneos*]" = "6D4FA3A9-7BEA-4B45-8D8E-EABB83C20393";
				WRAPPER_EXTENSION = app;
			};
			name = Release;
		};
/* End XCBuildConfiguration section */

/* Begin XCConfigurationList section */
		18202B8916E630090042F0C1 /* Build configuration list for PBXProject "iATM" */ = {
			isa = XCConfigurationList;
			buildConfigurations = (
				18202BB116E6300A0042F0C1 /* Debug */,
				18202BB216E6300A0042F0C1 /* Release */,
			);
			defaultConfigurationIsVisible = 0;
			defaultConfigurationName = Release;
		};
		18202BB316E6300A0042F0C1 /* Build configuration list for PBXNativeTarget "iATM" */ = {
			isa = XCConfigurationList;
			buildConfigurations = (
				18202BB416E6300A0042F0C1 /* Debug */,
				18202BB516E6300A0042F0C1 /* Release */,
			);
			defaultConfigurationIsVisible = 0;
			defaultConfigurationName = Release;
		};
/* End XCConfigurationList section */

/* Begin XCVersionGroup section */
		18BFB1D316F8B299009ED31E /* iATM_DB.xcdatamodeld */ = {
			isa = XCVersionGroup;
			children = (
				18BFB1D416F8B299009ED31E /* iATM_DB.xcdatamodel */,
			);
			currentVersion = 18BFB1D416F8B299009ED31E /* iATM_DB.xcdatamodel */;
			path = iATM_DB.xcdatamodeld;
			sourceTree = "<group>";
			versionGroupType = wrapper.xcdatamodel;
		};
/* End XCVersionGroup section */
	};
	rootObject = 18202B8616E630090042F0C1 /* Project object */;
}
